// !$*UTF8*$!
{
	archiveVersion = 1;
	classes = {
	};
	objectVersion = 42;
	objects = {

/* Begin PBXBuildFile section */
		B0C0DF0814ABC390002040D2 /* ofxDepthGenerator.cpp in Sources */ = {isa = PBXBuildFile; fileRef = B0C0DEF014ABC390002040D2 /* ofxDepthGenerator.cpp */; };
		B0C0DF0914ABC390002040D2 /* ofxGestureGenerator.cpp in Sources */ = {isa = PBXBuildFile; fileRef = B0C0DEF214ABC390002040D2 /* ofxGestureGenerator.cpp */; };
		B0C0DF0A14ABC390002040D2 /* ofxHandGenerator.cpp in Sources */ = {isa = PBXBuildFile; fileRef = B0C0DEF414ABC390002040D2 /* ofxHandGenerator.cpp */; };
		B0C0DF0B14ABC390002040D2 /* ofxHardwareDriver.cpp in Sources */ = {isa = PBXBuildFile; fileRef = B0C0DEF614ABC390002040D2 /* ofxHardwareDriver.cpp */; };
		B0C0DF0C14ABC390002040D2 /* ofxImageGenerator.cpp in Sources */ = {isa = PBXBuildFile; fileRef = B0C0DEF814ABC390002040D2 /* ofxImageGenerator.cpp */; };
		B0C0DF0D14ABC390002040D2 /* ofxIRGenerator.cpp in Sources */ = {isa = PBXBuildFile; fileRef = B0C0DEFA14ABC390002040D2 /* ofxIRGenerator.cpp */; };
		B0C0DF0E14ABC390002040D2 /* ofxOpenNIContext.cpp in Sources */ = {isa = PBXBuildFile; fileRef = B0C0DEFD14ABC390002040D2 /* ofxOpenNIContext.cpp */; };
		B0C0DF0F14ABC390002040D2 /* ofxOpenNIRecorder.cpp in Sources */ = {isa = PBXBuildFile; fileRef = B0C0DF0014ABC390002040D2 /* ofxOpenNIRecorder.cpp */; };
		B0C0DF1014ABC390002040D2 /* ofxTrackedHand.cpp in Sources */ = {isa = PBXBuildFile; fileRef = B0C0DF0214ABC390002040D2 /* ofxTrackedHand.cpp */; };
		B0C0DF1114ABC390002040D2 /* ofxTrackedUser.cpp in Sources */ = {isa = PBXBuildFile; fileRef = B0C0DF0414ABC390002040D2 /* ofxTrackedUser.cpp */; };
		B0C0DF1214ABC390002040D2 /* ofxUserGenerator.cpp in Sources */ = {isa = PBXBuildFile; fileRef = B0C0DF0614ABC390002040D2 /* ofxUserGenerator.cpp */; };
		B0DD8AE414AE4DB400258008 /* libnimCodecs.dylib in Frameworks */ = {isa = PBXBuildFile; fileRef = B0DD8AD614AE4DB400258008 /* libnimCodecs.dylib */; };
		B0DD8AE514AE4DB400258008 /* libnimMockNodes.dylib in Frameworks */ = {isa = PBXBuildFile; fileRef = B0DD8AD714AE4DB400258008 /* libnimMockNodes.dylib */; };
		B0DD8AE614AE4DB400258008 /* libnimRecorder.dylib in Frameworks */ = {isa = PBXBuildFile; fileRef = B0DD8AD814AE4DB400258008 /* libnimRecorder.dylib */; };
		B0DD8AE714AE4DB400258008 /* libOpenNI.dylib in Frameworks */ = {isa = PBXBuildFile; fileRef = B0DD8AD914AE4DB400258008 /* libOpenNI.dylib */; };
		B0DD8AE814AE4DB400258008 /* libusb-1.0.0.dylib in Frameworks */ = {isa = PBXBuildFile; fileRef = B0DD8ADA14AE4DB400258008 /* libusb-1.0.0.dylib */; };
		B0DD8AE914AE4DB400258008 /* libXnCore.dylib in Frameworks */ = {isa = PBXBuildFile; fileRef = B0DD8ADB14AE4DB400258008 /* libXnCore.dylib */; };
		B0DD8AEA14AE4DB400258008 /* libXnDDK.dylib in Frameworks */ = {isa = PBXBuildFile; fileRef = B0DD8ADC14AE4DB400258008 /* libXnDDK.dylib */; };
		B0DD8AEB14AE4DB400258008 /* libXnDeviceFile.dylib in Frameworks */ = {isa = PBXBuildFile; fileRef = B0DD8ADD14AE4DB400258008 /* libXnDeviceFile.dylib */; };
		B0DD8AEC14AE4DB400258008 /* libXnDeviceSensorV2KM.dylib in Frameworks */ = {isa = PBXBuildFile; fileRef = B0DD8ADE14AE4DB400258008 /* libXnDeviceSensorV2KM.dylib */; };
		B0DD8AED14AE4DB400258008 /* libXnFormats.dylib in Frameworks */ = {isa = PBXBuildFile; fileRef = B0DD8ADF14AE4DB400258008 /* libXnFormats.dylib */; };
		B0DD8AEE14AE4DB500258008 /* libXnVCNITE_1_3_1.dylib in Frameworks */ = {isa = PBXBuildFile; fileRef = B0DD8AE014AE4DB400258008 /* libXnVCNITE_1_3_1.dylib */; };
		B0DD8AEF14AE4DB500258008 /* libXnVFeatures_1_3_1.dylib in Frameworks */ = {isa = PBXBuildFile; fileRef = B0DD8AE114AE4DB400258008 /* libXnVFeatures_1_3_1.dylib */; };
		B0DD8AF014AE4DB500258008 /* libXnVHandGenerator_1_3_1.dylib in Frameworks */ = {isa = PBXBuildFile; fileRef = B0DD8AE214AE4DB400258008 /* libXnVHandGenerator_1_3_1.dylib */; };
		B0DD8AF114AE4DB500258008 /* libXnVNite_1_3_1.dylib in Frameworks */ = {isa = PBXBuildFile; fileRef = B0DD8AE314AE4DB400258008 /* libXnVNite_1_3_1.dylib */; };
		BBAB23CB13894F3D00AA2426 /* GLUT.framework in CopyFiles */ = {isa = PBXBuildFile; fileRef = BBAB23BE13894E4700AA2426 /* GLUT.framework */; };
		E4328149138ABC9F0047C5CB /* openFrameworksDebug.a in Frameworks */ = {isa = PBXBuildFile; fileRef = E4328148138ABC890047C5CB /* openFrameworksDebug.a */; };
		E45BE97B0E8CC7DD009D7055 /* AGL.framework in Frameworks */ = {isa = PBXBuildFile; fileRef = E45BE9710E8CC7DD009D7055 /* AGL.framework */; };
		E45BE97C0E8CC7DD009D7055 /* ApplicationServices.framework in Frameworks */ = {isa = PBXBuildFile; fileRef = E45BE9720E8CC7DD009D7055 /* ApplicationServices.framework */; };
		E45BE97D0E8CC7DD009D7055 /* AudioToolbox.framework in Frameworks */ = {isa = PBXBuildFile; fileRef = E45BE9730E8CC7DD009D7055 /* AudioToolbox.framework */; };
		E45BE97E0E8CC7DD009D7055 /* Carbon.framework in Frameworks */ = {isa = PBXBuildFile; fileRef = E45BE9740E8CC7DD009D7055 /* Carbon.framework */; };
		E45BE97F0E8CC7DD009D7055 /* CoreAudio.framework in Frameworks */ = {isa = PBXBuildFile; fileRef = E45BE9750E8CC7DD009D7055 /* CoreAudio.framework */; };
		E45BE9800E8CC7DD009D7055 /* CoreFoundation.framework in Frameworks */ = {isa = PBXBuildFile; fileRef = E45BE9760E8CC7DD009D7055 /* CoreFoundation.framework */; };
		E45BE9810E8CC7DD009D7055 /* CoreServices.framework in Frameworks */ = {isa = PBXBuildFile; fileRef = E45BE9770E8CC7DD009D7055 /* CoreServices.framework */; };
		E45BE9830E8CC7DD009D7055 /* OpenGL.framework in Frameworks */ = {isa = PBXBuildFile; fileRef = E45BE9790E8CC7DD009D7055 /* OpenGL.framework */; };
		E45BE9840E8CC7DD009D7055 /* QuickTime.framework in Frameworks */ = {isa = PBXBuildFile; fileRef = E45BE97A0E8CC7DD009D7055 /* QuickTime.framework */; };
		E4B69E200A3A1BDC003C02F2 /* main.cpp in Sources */ = {isa = PBXBuildFile; fileRef = E4B69E1D0A3A1BDC003C02F2 /* main.cpp */; };
		E4B69E210A3A1BDC003C02F2 /* testApp.cpp in Sources */ = {isa = PBXBuildFile; fileRef = E4B69E1E0A3A1BDC003C02F2 /* testApp.cpp */; };
		E4C2424710CC5A17004149E2 /* AppKit.framework in Frameworks */ = {isa = PBXBuildFile; fileRef = E4C2424410CC5A17004149E2 /* AppKit.framework */; };
		E4C2424810CC5A17004149E2 /* Cocoa.framework in Frameworks */ = {isa = PBXBuildFile; fileRef = E4C2424510CC5A17004149E2 /* Cocoa.framework */; };
		E4C2424910CC5A17004149E2 /* IOKit.framework in Frameworks */ = {isa = PBXBuildFile; fileRef = E4C2424610CC5A17004149E2 /* IOKit.framework */; };
		E4EB6799138ADC1D00A09F29 /* GLUT.framework in Frameworks */ = {isa = PBXBuildFile; fileRef = BBAB23BE13894E4700AA2426 /* GLUT.framework */; };
/* End PBXBuildFile section */

/* Begin PBXContainerItemProxy section */
		E4328147138ABC890047C5CB /* PBXContainerItemProxy */ = {
			isa = PBXContainerItemProxy;
			containerPortal = E4328143138ABC890047C5CB /* openFrameworksLib.xcodeproj */;
			proxyType = 2;
			remoteGlobalIDString = E4B27C1510CBEB8E00536013;
			remoteInfo = openFrameworks;
		};
		E4EEB9AB138B136A00A80321 /* PBXContainerItemProxy */ = {
			isa = PBXContainerItemProxy;
			containerPortal = E4328143138ABC890047C5CB /* openFrameworksLib.xcodeproj */;
			proxyType = 1;
			remoteGlobalIDString = E4B27C1410CBEB8E00536013;
			remoteInfo = openFrameworks;
		};
/* End PBXContainerItemProxy section */

/* Begin PBXCopyFilesBuildPhase section */
		E4C2427710CC5ABF004149E2 /* CopyFiles */ = {
			isa = PBXCopyFilesBuildPhase;
			buildActionMask = 2147483647;
			dstPath = "";
			dstSubfolderSpec = 10;
			files = (
				BBAB23CB13894F3D00AA2426 /* GLUT.framework in CopyFiles */,
			);
			runOnlyForDeploymentPostprocessing = 0;
		};
/* End PBXCopyFilesBuildPhase section */

/* Begin PBXFileReference section */
		B0C0DE6B14ABC390002040D2 /* libusb.h */ = {isa = PBXFileReference; fileEncoding = 4; lastKnownFileType = sourcecode.c.h; path = libusb.h; sourceTree = "<group>"; };
		B0C0DE6D14ABC390002040D2 /* XnCommon.h */ = {isa = PBXFileReference; fileEncoding = 4; lastKnownFileType = sourcecode.c.h; path = XnCommon.h; sourceTree = "<group>"; };
		B0C0DE6E14ABC390002040D2 /* XnV3DVector.h */ = {isa = PBXFileReference; fileEncoding = 4; lastKnownFileType = sourcecode.c.h; path = XnV3DVector.h; sourceTree = "<group>"; };
		B0C0DE6F14ABC390002040D2 /* XnVActivationMessage.h */ = {isa = PBXFileReference; fileEncoding = 4; lastKnownFileType = sourcecode.c.h; path = XnVActivationMessage.h; sourceTree = "<group>"; };
		B0C0DE7014ABC390002040D2 /* XnVBroadcaster.h */ = {isa = PBXFileReference; fileEncoding = 4; lastKnownFileType = sourcecode.c.h; path = XnVBroadcaster.h; sourceTree = "<group>"; };
		B0C0DE7114ABC390002040D2 /* XnVCCMessage.h */ = {isa = PBXFileReference; fileEncoding = 4; lastKnownFileType = sourcecode.c.h; path = XnVCCMessage.h; sourceTree = "<group>"; };
		B0C0DE7214ABC390002040D2 /* XnVCircle.h */ = {isa = PBXFileReference; fileEncoding = 4; lastKnownFileType = sourcecode.c.h; path = XnVCircle.h; sourceTree = "<group>"; };
		B0C0DE7314ABC390002040D2 /* XnVCircleDetector.h */ = {isa = PBXFileReference; fileEncoding = 4; lastKnownFileType = sourcecode.c.h; path = XnVCircleDetector.h; sourceTree = "<group>"; };
		B0C0DE7414ABC390002040D2 /* XnVClickableVirtualPlane.h */ = {isa = PBXFileReference; fileEncoding = 4; lastKnownFileType = sourcecode.c.h; path = XnVClickableVirtualPlane.h; sourceTree = "<group>"; };
		B0C0DE7514ABC390002040D2 /* XnVComplexMessage.h */ = {isa = PBXFileReference; fileEncoding = 4; lastKnownFileType = sourcecode.c.h; path = XnVComplexMessage.h; sourceTree = "<group>"; };
		B0C0DE7614ABC390002040D2 /* XnVDepthControl.h */ = {isa = PBXFileReference; fileEncoding = 4; lastKnownFileType = sourcecode.c.h; path = XnVDepthControl.h; sourceTree = "<group>"; };
		B0C0DE7714ABC390002040D2 /* XnVDepthGenerator.h */ = {isa = PBXFileReference; fileEncoding = 4; lastKnownFileType = sourcecode.c.h; path = XnVDepthGenerator.h; sourceTree = "<group>"; };
		B0C0DE7814ABC390002040D2 /* XnVDepthMessage.h */ = {isa = PBXFileReference; fileEncoding = 4; lastKnownFileType = sourcecode.c.h; path = XnVDepthMessage.h; sourceTree = "<group>"; };
		B0C0DE7914ABC390002040D2 /* XnVDeviceControl.h */ = {isa = PBXFileReference; fileEncoding = 4; lastKnownFileType = sourcecode.c.h; path = XnVDeviceControl.h; sourceTree = "<group>"; };
		B0C0DE7A14ABC390002040D2 /* XnVDeviceFilter.h */ = {isa = PBXFileReference; fileEncoding = 4; lastKnownFileType = sourcecode.c.h; path = XnVDeviceFilter.h; sourceTree = "<group>"; };
		B0C0DE7B14ABC390002040D2 /* XnVDeviceGenerator.h */ = {isa = PBXFileReference; fileEncoding = 4; lastKnownFileType = sourcecode.c.h; path = XnVDeviceGenerator.h; sourceTree = "<group>"; };
		B0C0DE7C14ABC390002040D2 /* XnVDeviceMessage.h */ = {isa = PBXFileReference; fileEncoding = 4; lastKnownFileType = sourcecode.c.h; path = XnVDeviceMessage.h; sourceTree = "<group>"; };
		B0C0DE7D14ABC390002040D2 /* XnVDirection.h */ = {isa = PBXFileReference; fileEncoding = 4; lastKnownFileType = sourcecode.c.h; path = XnVDirection.h; sourceTree = "<group>"; };
		B0C0DE7E14ABC390002040D2 /* XnVFilter.h */ = {isa = PBXFileReference; fileEncoding = 4; lastKnownFileType = sourcecode.c.h; path = XnVFilter.h; sourceTree = "<group>"; };
		B0C0DE7F14ABC390002040D2 /* XnVFlowRouter.h */ = {isa = PBXFileReference; fileEncoding = 4; lastKnownFileType = sourcecode.c.h; path = XnVFlowRouter.h; sourceTree = "<group>"; };
		B0C0DE8014ABC390002040D2 /* XnVGesture.h */ = {isa = PBXFileReference; fileEncoding = 4; lastKnownFileType = sourcecode.c.h; path = XnVGesture.h; sourceTree = "<group>"; };
		B0C0DE8114ABC390002040D2 /* XnVHandle.h */ = {isa = PBXFileReference; fileEncoding = 4; lastKnownFileType = sourcecode.c.h; path = XnVHandle.h; sourceTree = "<group>"; };
		B0C0DE8214ABC390002040D2 /* XnVHandPointContext.h */ = {isa = PBXFileReference; fileEncoding = 4; lastKnownFileType = sourcecode.c.h; path = XnVHandPointContext.h; sourceTree = "<group>"; };
		B0C0DE8314ABC390002040D2 /* XnVImageGenerator.h */ = {isa = PBXFileReference; fileEncoding = 4; lastKnownFileType = sourcecode.c.h; path = XnVImageGenerator.h; sourceTree = "<group>"; };
		B0C0DE8414ABC390002040D2 /* XnVImageMessage.h */ = {isa = PBXFileReference; fileEncoding = 4; lastKnownFileType = sourcecode.c.h; path = XnVImageMessage.h; sourceTree = "<group>"; };
		B0C0DE8514ABC390002040D2 /* XnVMathCommon.h */ = {isa = PBXFileReference; fileEncoding = 4; lastKnownFileType = sourcecode.c.h; path = XnVMathCommon.h; sourceTree = "<group>"; };
		B0C0DE8614ABC390002040D2 /* XnVMessage.h */ = {isa = PBXFileReference; fileEncoding = 4; lastKnownFileType = sourcecode.c.h; path = XnVMessage.h; sourceTree = "<group>"; };
		B0C0DE8714ABC390002040D2 /* XnVMessageGenerator.h */ = {isa = PBXFileReference; fileEncoding = 4; lastKnownFileType = sourcecode.c.h; path = XnVMessageGenerator.h; sourceTree = "<group>"; };
		B0C0DE8814ABC390002040D2 /* XnVMessageListener.h */ = {isa = PBXFileReference; fileEncoding = 4; lastKnownFileType = sourcecode.c.h; path = XnVMessageListener.h; sourceTree = "<group>"; };
		B0C0DE8914ABC390002040D2 /* XnVMessageMux.h */ = {isa = PBXFileReference; fileEncoding = 4; lastKnownFileType = sourcecode.c.h; path = XnVMessageMux.h; sourceTree = "<group>"; };
		B0C0DE8A14ABC390002040D2 /* XnVMultiItemHysteresis1D.h */ = {isa = PBXFileReference; fileEncoding = 4; lastKnownFileType = sourcecode.c.h; path = XnVMultiItemHysteresis1D.h; sourceTree = "<group>"; };
		B0C0DE8B14ABC390002040D2 /* XnVMultiItemHysteresis2D.h */ = {isa = PBXFileReference; fileEncoding = 4; lastKnownFileType = sourcecode.c.h; path = XnVMultiItemHysteresis2D.h; sourceTree = "<group>"; };
		B0C0DE8C14ABC390002040D2 /* XnVMultipleHands.h */ = {isa = PBXFileReference; fileEncoding = 4; lastKnownFileType = sourcecode.c.h; path = XnVMultipleHands.h; sourceTree = "<group>"; };
		B0C0DE8D14ABC390002040D2 /* XnVMultiProcessFlowClient.h */ = {isa = PBXFileReference; fileEncoding = 4; lastKnownFileType = sourcecode.c.h; path = XnVMultiProcessFlowClient.h; sourceTree = "<group>"; };
		B0C0DE8E14ABC390002040D2 /* XnVMultiProcessFlowServer.h */ = {isa = PBXFileReference; fileEncoding = 4; lastKnownFileType = sourcecode.c.h; path = XnVMultiProcessFlowServer.h; sourceTree = "<group>"; };
		B0C0DE8F14ABC390002040D2 /* XnVNite.h */ = {isa = PBXFileReference; fileEncoding = 4; lastKnownFileType = sourcecode.c.h; path = XnVNite.h; sourceTree = "<group>"; };
		B0C0DE9014ABC390002040D2 /* XnVNiteControls.h */ = {isa = PBXFileReference; fileEncoding = 4; lastKnownFileType = sourcecode.c.h; path = XnVNiteControls.h; sourceTree = "<group>"; };
		B0C0DE9114ABC390002040D2 /* XnVNiteDefs.h */ = {isa = PBXFileReference; fileEncoding = 4; lastKnownFileType = sourcecode.c.h; path = XnVNiteDefs.h; sourceTree = "<group>"; };
		B0C0DE9214ABC390002040D2 /* XnVNiteEvents.h */ = {isa = PBXFileReference; fileEncoding = 4; lastKnownFileType = sourcecode.c.h; path = XnVNiteEvents.h; sourceTree = "<group>"; };
		B0C0DE9314ABC390002040D2 /* XnVNiteFramework.h */ = {isa = PBXFileReference; fileEncoding = 4; lastKnownFileType = sourcecode.c.h; path = XnVNiteFramework.h; sourceTree = "<group>"; };
		B0C0DE9414ABC390002040D2 /* XnVNiteLog.h */ = {isa = PBXFileReference; fileEncoding = 4; lastKnownFileType = sourcecode.c.h; path = XnVNiteLog.h; sourceTree = "<group>"; };
		B0C0DE9514ABC390002040D2 /* XnVNiteStatus.h */ = {isa = PBXFileReference; fileEncoding = 4; lastKnownFileType = sourcecode.c.h; path = XnVNiteStatus.h; sourceTree = "<group>"; };
		B0C0DE9614ABC390002040D2 /* XnVNiteVersion.h */ = {isa = PBXFileReference; fileEncoding = 4; lastKnownFileType = sourcecode.c.h; path = XnVNiteVersion.h; sourceTree = "<group>"; };
		B0C0DE9714ABC390002040D2 /* XnVPointArea.h */ = {isa = PBXFileReference; fileEncoding = 4; lastKnownFileType = sourcecode.c.h; path = XnVPointArea.h; sourceTree = "<group>"; };
		B0C0DE9814ABC390002040D2 /* XnVPointControl.h */ = {isa = PBXFileReference; fileEncoding = 4; lastKnownFileType = sourcecode.c.h; path = XnVPointControl.h; sourceTree = "<group>"; };
		B0C0DE9914ABC390002040D2 /* XnVPointDenoiser.h */ = {isa = PBXFileReference; fileEncoding = 4; lastKnownFileType = sourcecode.c.h; path = XnVPointDenoiser.h; sourceTree = "<group>"; };
		B0C0DE9A14ABC390002040D2 /* XnVPointFilter.h */ = {isa = PBXFileReference; fileEncoding = 4; lastKnownFileType = sourcecode.c.h; path = XnVPointFilter.h; sourceTree = "<group>"; };
		B0C0DE9B14ABC390002040D2 /* XnVPointMessage.h */ = {isa = PBXFileReference; fileEncoding = 4; lastKnownFileType = sourcecode.c.h; path = XnVPointMessage.h; sourceTree = "<group>"; };
		B0C0DE9C14ABC390002040D2 /* XnVPointTracker.h */ = {isa = PBXFileReference; fileEncoding = 4; lastKnownFileType = sourcecode.c.h; path = XnVPointTracker.h; sourceTree = "<group>"; };
		B0C0DE9D14ABC390002040D2 /* XnVPushDetector.h */ = {isa = PBXFileReference; fileEncoding = 4; lastKnownFileType = sourcecode.c.h; path = XnVPushDetector.h; sourceTree = "<group>"; };
		B0C0DE9E14ABC390002040D2 /* XnVSelectableSlider1D.h */ = {isa = PBXFileReference; fileEncoding = 4; lastKnownFileType = sourcecode.c.h; path = XnVSelectableSlider1D.h; sourceTree = "<group>"; };
		B0C0DE9F14ABC390002040D2 /* XnVSelectableSlider2D.h */ = {isa = PBXFileReference; fileEncoding = 4; lastKnownFileType = sourcecode.c.h; path = XnVSelectableSlider2D.h; sourceTree = "<group>"; };
		B0C0DEA014ABC390002040D2 /* XnVSessionGenerator.h */ = {isa = PBXFileReference; fileEncoding = 4; lastKnownFileType = sourcecode.c.h; path = XnVSessionGenerator.h; sourceTree = "<group>"; };
		B0C0DEA114ABC390002040D2 /* XnVSessionListener.h */ = {isa = PBXFileReference; fileEncoding = 4; lastKnownFileType = sourcecode.c.h; path = XnVSessionListener.h; sourceTree = "<group>"; };
		B0C0DEA214ABC390002040D2 /* XnVSessionManager.h */ = {isa = PBXFileReference; fileEncoding = 4; lastKnownFileType = sourcecode.c.h; path = XnVSessionManager.h; sourceTree = "<group>"; };
		B0C0DEA314ABC390002040D2 /* XnVSessionMessage.h */ = {isa = PBXFileReference; fileEncoding = 4; lastKnownFileType = sourcecode.c.h; path = XnVSessionMessage.h; sourceTree = "<group>"; };
		B0C0DEA414ABC390002040D2 /* XnVSlider1D.h */ = {isa = PBXFileReference; fileEncoding = 4; lastKnownFileType = sourcecode.c.h; path = XnVSlider1D.h; sourceTree = "<group>"; };
		B0C0DEA514ABC390002040D2 /* XnVSlider2D.h */ = {isa = PBXFileReference; fileEncoding = 4; lastKnownFileType = sourcecode.c.h; path = XnVSlider2D.h; sourceTree = "<group>"; };
		B0C0DEA614ABC390002040D2 /* XnVSlider3D.h */ = {isa = PBXFileReference; fileEncoding = 4; lastKnownFileType = sourcecode.c.h; path = XnVSlider3D.h; sourceTree = "<group>"; };
		B0C0DEA714ABC390002040D2 /* XnVSteadyDetector.h */ = {isa = PBXFileReference; fileEncoding = 4; lastKnownFileType = sourcecode.c.h; path = XnVSteadyDetector.h; sourceTree = "<group>"; };
		B0C0DEA814ABC390002040D2 /* XnVSwipeDetector.h */ = {isa = PBXFileReference; fileEncoding = 4; lastKnownFileType = sourcecode.c.h; path = XnVSwipeDetector.h; sourceTree = "<group>"; };
		B0C0DEA914ABC390002040D2 /* XnVVirtualCoordinates.h */ = {isa = PBXFileReference; fileEncoding = 4; lastKnownFileType = sourcecode.c.h; path = XnVVirtualCoordinates.h; sourceTree = "<group>"; };
		B0C0DEAA14ABC390002040D2 /* XnVWaveDetector.h */ = {isa = PBXFileReference; fileEncoding = 4; lastKnownFileType = sourcecode.c.h; path = XnVWaveDetector.h; sourceTree = "<group>"; };
		B0C0DEAD14ABC390002040D2 /* XnOSARC.h */ = {isa = PBXFileReference; fileEncoding = 4; lastKnownFileType = sourcecode.c.h; path = XnOSARC.h; sourceTree = "<group>"; };
		B0C0DEAE14ABC390002040D2 /* XnPlatformARC.h */ = {isa = PBXFileReference; fileEncoding = 4; lastKnownFileType = sourcecode.c.h; path = XnPlatformARC.h; sourceTree = "<group>"; };
		B0C0DEAF14ABC390002040D2 /* IXnNodeAllocator.h */ = {isa = PBXFileReference; fileEncoding = 4; lastKnownFileType = sourcecode.c.h; path = IXnNodeAllocator.h; sourceTree = "<group>"; };
		B0C0DEB114ABC390002040D2 /* XnPlatformLinux-Arm.h */ = {isa = PBXFileReference; fileEncoding = 4; lastKnownFileType = sourcecode.c.h; path = "XnPlatformLinux-Arm.h"; sourceTree = "<group>"; };
		B0C0DEB314ABC390002040D2 /* XnOSLinux-x86.h */ = {isa = PBXFileReference; fileEncoding = 4; lastKnownFileType = sourcecode.c.h; path = "XnOSLinux-x86.h"; sourceTree = "<group>"; };
		B0C0DEB414ABC390002040D2 /* XnPlatformLinux-x86.h */ = {isa = PBXFileReference; fileEncoding = 4; lastKnownFileType = sourcecode.c.h; path = "XnPlatformLinux-x86.h"; sourceTree = "<group>"; };
		B0C0DEB614ABC390002040D2 /* XnPlatformMacOSX.h */ = {isa = PBXFileReference; fileEncoding = 4; lastKnownFileType = sourcecode.c.h; path = XnPlatformMacOSX.h; sourceTree = "<group>"; };
		B0C0DEB814ABC390002040D2 /* XnOSWin32.h */ = {isa = PBXFileReference; fileEncoding = 4; lastKnownFileType = sourcecode.c.h; path = XnOSWin32.h; sourceTree = "<group>"; };
		B0C0DEB914ABC390002040D2 /* XnPlatformWin32.h */ = {isa = PBXFileReference; fileEncoding = 4; lastKnownFileType = sourcecode.c.h; path = XnPlatformWin32.h; sourceTree = "<group>"; };
		B0C0DEBA14ABC390002040D2 /* XnAlgorithms.h */ = {isa = PBXFileReference; fileEncoding = 4; lastKnownFileType = sourcecode.c.h; path = XnAlgorithms.h; sourceTree = "<group>"; };
		B0C0DEBB14ABC390002040D2 /* XnArray.h */ = {isa = PBXFileReference; fileEncoding = 4; lastKnownFileType = sourcecode.c.h; path = XnArray.h; sourceTree = "<group>"; };
		B0C0DEBC14ABC390002040D2 /* XnBaseNode.h */ = {isa = PBXFileReference; fileEncoding = 4; lastKnownFileType = sourcecode.c.h; path = XnBaseNode.h; sourceTree = "<group>"; };
		B0C0DEBD14ABC390002040D2 /* XnBitSet.h */ = {isa = PBXFileReference; fileEncoding = 4; lastKnownFileType = sourcecode.c.h; path = XnBitSet.h; sourceTree = "<group>"; };
		B0C0DEBE14ABC390002040D2 /* XnCallback.h */ = {isa = PBXFileReference; fileEncoding = 4; lastKnownFileType = sourcecode.c.h; path = XnCallback.h; sourceTree = "<group>"; };
		B0C0DEBF14ABC390002040D2 /* XnCodecIDs.h */ = {isa = PBXFileReference; fileEncoding = 4; lastKnownFileType = sourcecode.c.h; path = XnCodecIDs.h; sourceTree = "<group>"; };
		B0C0DEC014ABC390002040D2 /* XnContext.h */ = {isa = PBXFileReference; fileEncoding = 4; lastKnownFileType = sourcecode.c.h; path = XnContext.h; sourceTree = "<group>"; };
		B0C0DEC114ABC390002040D2 /* XnCppWrapper.h */ = {isa = PBXFileReference; fileEncoding = 4; lastKnownFileType = sourcecode.c.h; path = XnCppWrapper.h; sourceTree = "<group>"; };
		B0C0DEC214ABC390002040D2 /* XnDataTypes.h */ = {isa = PBXFileReference; fileEncoding = 4; lastKnownFileType = sourcecode.c.h; path = XnDataTypes.h; sourceTree = "<group>"; };
		B0C0DEC314ABC390002040D2 /* XnDump.h */ = {isa = PBXFileReference; fileEncoding = 4; lastKnownFileType = sourcecode.c.h; path = XnDump.h; sourceTree = "<group>"; };
		B0C0DEC414ABC390002040D2 /* XnEnumerationErrors.h */ = {isa = PBXFileReference; fileEncoding = 4; lastKnownFileType = sourcecode.c.h; path = XnEnumerationErrors.h; sourceTree = "<group>"; };
		B0C0DEC514ABC390002040D2 /* XnEvent.h */ = {isa = PBXFileReference; fileEncoding = 4; lastKnownFileType = sourcecode.c.h; path = XnEvent.h; sourceTree = "<group>"; };
		B0C0DEC614ABC390002040D2 /* XnFPSCalculator.h */ = {isa = PBXFileReference; fileEncoding = 4; lastKnownFileType = sourcecode.c.h; path = XnFPSCalculator.h; sourceTree = "<group>"; };
		B0C0DEC714ABC390002040D2 /* XnGeneralBuffer.h */ = {isa = PBXFileReference; fileEncoding = 4; lastKnownFileType = sourcecode.c.h; path = XnGeneralBuffer.h; sourceTree = "<group>"; };
		B0C0DEC814ABC390002040D2 /* XnHash.h */ = {isa = PBXFileReference; fileEncoding = 4; lastKnownFileType = sourcecode.c.h; path = XnHash.h; sourceTree = "<group>"; };
		B0C0DEC914ABC390002040D2 /* XnInternalDefs.h */ = {isa = PBXFileReference; fileEncoding = 4; lastKnownFileType = sourcecode.c.h; path = XnInternalDefs.h; sourceTree = "<group>"; };
		B0C0DECA14ABC390002040D2 /* XnLicensing.h */ = {isa = PBXFileReference; fileEncoding = 4; lastKnownFileType = sourcecode.c.h; path = XnLicensing.h; sourceTree = "<group>"; };
		B0C0DECB14ABC390002040D2 /* XnList.h */ = {isa = PBXFileReference; fileEncoding = 4; lastKnownFileType = sourcecode.c.h; path = XnList.h; sourceTree = "<group>"; };
		B0C0DECC14ABC390002040D2 /* XnLog.h */ = {isa = PBXFileReference; fileEncoding = 4; lastKnownFileType = sourcecode.c.h; path = XnLog.h; sourceTree = "<group>"; };
		B0C0DECD14ABC390002040D2 /* XnLogTypes.h */ = {isa = PBXFileReference; fileEncoding = 4; lastKnownFileType = sourcecode.c.h; path = XnLogTypes.h; sourceTree = "<group>"; };
		B0C0DECE14ABC390002040D2 /* XnLogWriterBase.h */ = {isa = PBXFileReference; fileEncoding = 4; lastKnownFileType = sourcecode.c.h; path = XnLogWriterBase.h; sourceTree = "<group>"; };
		B0C0DECF14ABC390002040D2 /* XnMacros.h */ = {isa = PBXFileReference; fileEncoding = 4; lastKnownFileType = sourcecode.c.h; path = XnMacros.h; sourceTree = "<group>"; };
		B0C0DED014ABC390002040D2 /* XnModuleCFunctions.h */ = {isa = PBXFileReference; fileEncoding = 4; lastKnownFileType = sourcecode.c.h; path = XnModuleCFunctions.h; sourceTree = "<group>"; };
		B0C0DED114ABC390002040D2 /* XnModuleCppInterface.h */ = {isa = PBXFileReference; fileEncoding = 4; lastKnownFileType = sourcecode.c.h; path = XnModuleCppInterface.h; sourceTree = "<group>"; };
		B0C0DED214ABC390002040D2 /* XnModuleCppRegistratration.h */ = {isa = PBXFileReference; fileEncoding = 4; lastKnownFileType = sourcecode.c.h; path = XnModuleCppRegistratration.h; sourceTree = "<group>"; };
		B0C0DED314ABC390002040D2 /* XnModuleInterface.h */ = {isa = PBXFileReference; fileEncoding = 4; lastKnownFileType = sourcecode.c.h; path = XnModuleInterface.h; sourceTree = "<group>"; };
		B0C0DED414ABC390002040D2 /* XnNode.h */ = {isa = PBXFileReference; fileEncoding = 4; lastKnownFileType = sourcecode.c.h; path = XnNode.h; sourceTree = "<group>"; };
		B0C0DED514ABC390002040D2 /* XnNodeAllocator.h */ = {isa = PBXFileReference; fileEncoding = 4; lastKnownFileType = sourcecode.c.h; path = XnNodeAllocator.h; sourceTree = "<group>"; };
		B0C0DED614ABC390002040D2 /* XnOpenNI.h */ = {isa = PBXFileReference; fileEncoding = 4; lastKnownFileType = sourcecode.c.h; path = XnOpenNI.h; sourceTree = "<group>"; };
		B0C0DED714ABC390002040D2 /* XnOS.h */ = {isa = PBXFileReference; fileEncoding = 4; lastKnownFileType = sourcecode.c.h; path = XnOS.h; sourceTree = "<group>"; };
		B0C0DED814ABC390002040D2 /* XnOSCpp.h */ = {isa = PBXFileReference; fileEncoding = 4; lastKnownFileType = sourcecode.c.h; path = XnOSCpp.h; sourceTree = "<group>"; };
		B0C0DED914ABC390002040D2 /* XnOSMemory.h */ = {isa = PBXFileReference; fileEncoding = 4; lastKnownFileType = sourcecode.c.h; path = XnOSMemory.h; sourceTree = "<group>"; };
		B0C0DEDA14ABC390002040D2 /* XnOSStrings.h */ = {isa = PBXFileReference; fileEncoding = 4; lastKnownFileType = sourcecode.c.h; path = XnOSStrings.h; sourceTree = "<group>"; };
		B0C0DEDB14ABC390002040D2 /* XnPlatform.h */ = {isa = PBXFileReference; fileEncoding = 4; lastKnownFileType = sourcecode.c.h; path = XnPlatform.h; sourceTree = "<group>"; };
		B0C0DEDC14ABC390002040D2 /* XnPrdNode.h */ = {isa = PBXFileReference; fileEncoding = 4; lastKnownFileType = sourcecode.c.h; path = XnPrdNode.h; sourceTree = "<group>"; };
		B0C0DEDD14ABC390002040D2 /* XnPrdNodeInfo.h */ = {isa = PBXFileReference; fileEncoding = 4; lastKnownFileType = sourcecode.c.h; path = XnPrdNodeInfo.h; sourceTree = "<group>"; };
		B0C0DEDE14ABC390002040D2 /* XnPrdNodeInfoList.h */ = {isa = PBXFileReference; fileEncoding = 4; lastKnownFileType = sourcecode.c.h; path = XnPrdNodeInfoList.h; sourceTree = "<group>"; };
		B0C0DEDF14ABC390002040D2 /* XnProfiling.h */ = {isa = PBXFileReference; fileEncoding = 4; lastKnownFileType = sourcecode.c.h; path = XnProfiling.h; sourceTree = "<group>"; };
		B0C0DEE014ABC390002040D2 /* XnPropNames.h */ = {isa = PBXFileReference; fileEncoding = 4; lastKnownFileType = sourcecode.c.h; path = XnPropNames.h; sourceTree = "<group>"; };
		B0C0DEE114ABC390002040D2 /* XnQueries.h */ = {isa = PBXFileReference; fileEncoding = 4; lastKnownFileType = sourcecode.c.h; path = XnQueries.h; sourceTree = "<group>"; };
		B0C0DEE214ABC390002040D2 /* XnQueue.h */ = {isa = PBXFileReference; fileEncoding = 4; lastKnownFileType = sourcecode.c.h; path = XnQueue.h; sourceTree = "<group>"; };
		B0C0DEE314ABC390002040D2 /* XnScheduler.h */ = {isa = PBXFileReference; fileEncoding = 4; lastKnownFileType = sourcecode.c.h; path = XnScheduler.h; sourceTree = "<group>"; };
		B0C0DEE414ABC390002040D2 /* XnStack.h */ = {isa = PBXFileReference; fileEncoding = 4; lastKnownFileType = sourcecode.c.h; path = XnStack.h; sourceTree = "<group>"; };
		B0C0DEE514ABC390002040D2 /* XnStatus.h */ = {isa = PBXFileReference; fileEncoding = 4; lastKnownFileType = sourcecode.c.h; path = XnStatus.h; sourceTree = "<group>"; };
		B0C0DEE614ABC390002040D2 /* XnStatusCodes.h */ = {isa = PBXFileReference; fileEncoding = 4; lastKnownFileType = sourcecode.c.h; path = XnStatusCodes.h; sourceTree = "<group>"; };
		B0C0DEE714ABC390002040D2 /* XnStatusRegister.h */ = {isa = PBXFileReference; fileEncoding = 4; lastKnownFileType = sourcecode.c.h; path = XnStatusRegister.h; sourceTree = "<group>"; };
		B0C0DEE814ABC390002040D2 /* XnStringsHash.h */ = {isa = PBXFileReference; fileEncoding = 4; lastKnownFileType = sourcecode.c.h; path = XnStringsHash.h; sourceTree = "<group>"; };
		B0C0DEE914ABC390002040D2 /* XnThreadSafeQueue.h */ = {isa = PBXFileReference; fileEncoding = 4; lastKnownFileType = sourcecode.c.h; path = XnThreadSafeQueue.h; sourceTree = "<group>"; };
		B0C0DEEA14ABC390002040D2 /* XnTypes.h */ = {isa = PBXFileReference; fileEncoding = 4; lastKnownFileType = sourcecode.c.h; path = XnTypes.h; sourceTree = "<group>"; };
		B0C0DEEB14ABC390002040D2 /* XnUSB.h */ = {isa = PBXFileReference; fileEncoding = 4; lastKnownFileType = sourcecode.c.h; path = XnUSB.h; sourceTree = "<group>"; };
		B0C0DEEC14ABC390002040D2 /* XnUSBDevice.h */ = {isa = PBXFileReference; fileEncoding = 4; lastKnownFileType = sourcecode.c.h; path = XnUSBDevice.h; sourceTree = "<group>"; };
		B0C0DEED14ABC390002040D2 /* XnUtils.h */ = {isa = PBXFileReference; fileEncoding = 4; lastKnownFileType = sourcecode.c.h; path = XnUtils.h; sourceTree = "<group>"; };
		B0C0DEEE14ABC390002040D2 /* XnVersion.h */ = {isa = PBXFileReference; fileEncoding = 4; lastKnownFileType = sourcecode.c.h; path = XnVersion.h; sourceTree = "<group>"; };
		B0C0DEF014ABC390002040D2 /* ofxDepthGenerator.cpp */ = {isa = PBXFileReference; fileEncoding = 4; lastKnownFileType = sourcecode.cpp.cpp; path = ofxDepthGenerator.cpp; sourceTree = "<group>"; };
		B0C0DEF114ABC390002040D2 /* ofxDepthGenerator.h */ = {isa = PBXFileReference; fileEncoding = 4; lastKnownFileType = sourcecode.c.h; path = ofxDepthGenerator.h; sourceTree = "<group>"; };
		B0C0DEF214ABC390002040D2 /* ofxGestureGenerator.cpp */ = {isa = PBXFileReference; fileEncoding = 4; lastKnownFileType = sourcecode.cpp.cpp; path = ofxGestureGenerator.cpp; sourceTree = "<group>"; };
		B0C0DEF314ABC390002040D2 /* ofxGestureGenerator.h */ = {isa = PBXFileReference; fileEncoding = 4; lastKnownFileType = sourcecode.c.h; path = ofxGestureGenerator.h; sourceTree = "<group>"; };
		B0C0DEF414ABC390002040D2 /* ofxHandGenerator.cpp */ = {isa = PBXFileReference; fileEncoding = 4; lastKnownFileType = sourcecode.cpp.cpp; path = ofxHandGenerator.cpp; sourceTree = "<group>"; };
		B0C0DEF514ABC390002040D2 /* ofxHandGenerator.h */ = {isa = PBXFileReference; fileEncoding = 4; lastKnownFileType = sourcecode.c.h; path = ofxHandGenerator.h; sourceTree = "<group>"; };
		B0C0DEF614ABC390002040D2 /* ofxHardwareDriver.cpp */ = {isa = PBXFileReference; fileEncoding = 4; lastKnownFileType = sourcecode.cpp.cpp; path = ofxHardwareDriver.cpp; sourceTree = "<group>"; };
		B0C0DEF714ABC390002040D2 /* ofxHardwareDriver.h */ = {isa = PBXFileReference; fileEncoding = 4; lastKnownFileType = sourcecode.c.h; path = ofxHardwareDriver.h; sourceTree = "<group>"; };
		B0C0DEF814ABC390002040D2 /* ofxImageGenerator.cpp */ = {isa = PBXFileReference; fileEncoding = 4; lastKnownFileType = sourcecode.cpp.cpp; path = ofxImageGenerator.cpp; sourceTree = "<group>"; };
		B0C0DEF914ABC390002040D2 /* ofxImageGenerator.h */ = {isa = PBXFileReference; fileEncoding = 4; lastKnownFileType = sourcecode.c.h; path = ofxImageGenerator.h; sourceTree = "<group>"; };
		B0C0DEFA14ABC390002040D2 /* ofxIRGenerator.cpp */ = {isa = PBXFileReference; fileEncoding = 4; lastKnownFileType = sourcecode.cpp.cpp; path = ofxIRGenerator.cpp; sourceTree = "<group>"; };
		B0C0DEFB14ABC390002040D2 /* ofxIRGenerator.h */ = {isa = PBXFileReference; fileEncoding = 4; lastKnownFileType = sourcecode.c.h; path = ofxIRGenerator.h; sourceTree = "<group>"; };
		B0C0DEFC14ABC390002040D2 /* ofxOpenNI.h */ = {isa = PBXFileReference; fileEncoding = 4; lastKnownFileType = sourcecode.c.h; path = ofxOpenNI.h; sourceTree = "<group>"; };
		B0C0DEFD14ABC390002040D2 /* ofxOpenNIContext.cpp */ = {isa = PBXFileReference; fileEncoding = 4; lastKnownFileType = sourcecode.cpp.cpp; path = ofxOpenNIContext.cpp; sourceTree = "<group>"; };
		B0C0DEFE14ABC390002040D2 /* ofxOpenNIContext.h */ = {isa = PBXFileReference; fileEncoding = 4; lastKnownFileType = sourcecode.c.h; path = ofxOpenNIContext.h; sourceTree = "<group>"; };
		B0C0DEFF14ABC390002040D2 /* ofxOpenNIMacros.h */ = {isa = PBXFileReference; fileEncoding = 4; lastKnownFileType = sourcecode.c.h; path = ofxOpenNIMacros.h; sourceTree = "<group>"; };
		B0C0DF0014ABC390002040D2 /* ofxOpenNIRecorder.cpp */ = {isa = PBXFileReference; fileEncoding = 4; lastKnownFileType = sourcecode.cpp.cpp; path = ofxOpenNIRecorder.cpp; sourceTree = "<group>"; };
		B0C0DF0114ABC390002040D2 /* ofxOpenNIRecorder.h */ = {isa = PBXFileReference; fileEncoding = 4; lastKnownFileType = sourcecode.c.h; path = ofxOpenNIRecorder.h; sourceTree = "<group>"; };
		B0C0DF0214ABC390002040D2 /* ofxTrackedHand.cpp */ = {isa = PBXFileReference; fileEncoding = 4; lastKnownFileType = sourcecode.cpp.cpp; path = ofxTrackedHand.cpp; sourceTree = "<group>"; };
		B0C0DF0314ABC390002040D2 /* ofxTrackedHand.h */ = {isa = PBXFileReference; fileEncoding = 4; lastKnownFileType = sourcecode.c.h; path = ofxTrackedHand.h; sourceTree = "<group>"; };
		B0C0DF0414ABC390002040D2 /* ofxTrackedUser.cpp */ = {isa = PBXFileReference; fileEncoding = 4; lastKnownFileType = sourcecode.cpp.cpp; path = ofxTrackedUser.cpp; sourceTree = "<group>"; };
		B0C0DF0514ABC390002040D2 /* ofxTrackedUser.h */ = {isa = PBXFileReference; fileEncoding = 4; lastKnownFileType = sourcecode.c.h; path = ofxTrackedUser.h; sourceTree = "<group>"; };
		B0C0DF0614ABC390002040D2 /* ofxUserGenerator.cpp */ = {isa = PBXFileReference; fileEncoding = 4; lastKnownFileType = sourcecode.cpp.cpp; path = ofxUserGenerator.cpp; sourceTree = "<group>"; };
		B0C0DF0714ABC390002040D2 /* ofxUserGenerator.h */ = {isa = PBXFileReference; fileEncoding = 4; lastKnownFileType = sourcecode.c.h; path = ofxUserGenerator.h; sourceTree = "<group>"; };
		B0DD8AD614AE4DB400258008 /* libnimCodecs.dylib */ = {isa = PBXFileReference; lastKnownFileType = "compiled.mach-o.dylib"; name = libnimCodecs.dylib; path = "../../../addons/ofxOpenNI-gameoverhack/mac/copy_to_data_openni_path/lib/libnimCodecs.dylib"; sourceTree = SOURCE_ROOT; };
		B0DD8AD714AE4DB400258008 /* libnimMockNodes.dylib */ = {isa = PBXFileReference; lastKnownFileType = "compiled.mach-o.dylib"; name = libnimMockNodes.dylib; path = "../../../addons/ofxOpenNI-gameoverhack/mac/copy_to_data_openni_path/lib/libnimMockNodes.dylib"; sourceTree = SOURCE_ROOT; };
		B0DD8AD814AE4DB400258008 /* libnimRecorder.dylib */ = {isa = PBXFileReference; lastKnownFileType = "compiled.mach-o.dylib"; name = libnimRecorder.dylib; path = "../../../addons/ofxOpenNI-gameoverhack/mac/copy_to_data_openni_path/lib/libnimRecorder.dylib"; sourceTree = SOURCE_ROOT; };
		B0DD8AD914AE4DB400258008 /* libOpenNI.dylib */ = {isa = PBXFileReference; lastKnownFileType = "compiled.mach-o.dylib"; name = libOpenNI.dylib; path = "../../../addons/ofxOpenNI-gameoverhack/mac/copy_to_data_openni_path/lib/libOpenNI.dylib"; sourceTree = SOURCE_ROOT; };
		B0DD8ADA14AE4DB400258008 /* libusb-1.0.0.dylib */ = {isa = PBXFileReference; lastKnownFileType = "compiled.mach-o.dylib"; name = "libusb-1.0.0.dylib"; path = "../../../addons/ofxOpenNI-gameoverhack/mac/copy_to_data_openni_path/lib/libusb-1.0.0.dylib"; sourceTree = SOURCE_ROOT; };
		B0DD8ADB14AE4DB400258008 /* libXnCore.dylib */ = {isa = PBXFileReference; lastKnownFileType = "compiled.mach-o.dylib"; name = libXnCore.dylib; path = "../../../addons/ofxOpenNI-gameoverhack/mac/copy_to_data_openni_path/lib/libXnCore.dylib"; sourceTree = SOURCE_ROOT; };
		B0DD8ADC14AE4DB400258008 /* libXnDDK.dylib */ = {isa = PBXFileReference; lastKnownFileType = "compiled.mach-o.dylib"; name = libXnDDK.dylib; path = "../../../addons/ofxOpenNI-gameoverhack/mac/copy_to_data_openni_path/lib/libXnDDK.dylib"; sourceTree = SOURCE_ROOT; };
		B0DD8ADD14AE4DB400258008 /* libXnDeviceFile.dylib */ = {isa = PBXFileReference; lastKnownFileType = "compiled.mach-o.dylib"; name = libXnDeviceFile.dylib; path = "../../../addons/ofxOpenNI-gameoverhack/mac/copy_to_data_openni_path/lib/libXnDeviceFile.dylib"; sourceTree = SOURCE_ROOT; };
		B0DD8ADE14AE4DB400258008 /* libXnDeviceSensorV2KM.dylib */ = {isa = PBXFileReference; lastKnownFileType = "compiled.mach-o.dylib"; name = libXnDeviceSensorV2KM.dylib; path = "../../../addons/ofxOpenNI-gameoverhack/mac/copy_to_data_openni_path/lib/libXnDeviceSensorV2KM.dylib"; sourceTree = SOURCE_ROOT; };
		B0DD8ADF14AE4DB400258008 /* libXnFormats.dylib */ = {isa = PBXFileReference; lastKnownFileType = "compiled.mach-o.dylib"; name = libXnFormats.dylib; path = "../../../addons/ofxOpenNI-gameoverhack/mac/copy_to_data_openni_path/lib/libXnFormats.dylib"; sourceTree = SOURCE_ROOT; };
		B0DD8AE014AE4DB400258008 /* libXnVCNITE_1_3_1.dylib */ = {isa = PBXFileReference; lastKnownFileType = "compiled.mach-o.dylib"; name = libXnVCNITE_1_3_1.dylib; path = "../../../addons/ofxOpenNI-gameoverhack/mac/copy_to_data_openni_path/lib/libXnVCNITE_1_3_1.dylib"; sourceTree = SOURCE_ROOT; };
		B0DD8AE114AE4DB400258008 /* libXnVFeatures_1_3_1.dylib */ = {isa = PBXFileReference; lastKnownFileType = "compiled.mach-o.dylib"; name = libXnVFeatures_1_3_1.dylib; path = "../../../addons/ofxOpenNI-gameoverhack/mac/copy_to_data_openni_path/lib/libXnVFeatures_1_3_1.dylib"; sourceTree = SOURCE_ROOT; };
		B0DD8AE214AE4DB400258008 /* libXnVHandGenerator_1_3_1.dylib */ = {isa = PBXFileReference; lastKnownFileType = "compiled.mach-o.dylib"; name = libXnVHandGenerator_1_3_1.dylib; path = "../../../addons/ofxOpenNI-gameoverhack/mac/copy_to_data_openni_path/lib/libXnVHandGenerator_1_3_1.dylib"; sourceTree = SOURCE_ROOT; };
		B0DD8AE314AE4DB400258008 /* libXnVNite_1_3_1.dylib */ = {isa = PBXFileReference; lastKnownFileType = "compiled.mach-o.dylib"; name = libXnVNite_1_3_1.dylib; path = "../../../addons/ofxOpenNI-gameoverhack/mac/copy_to_data_openni_path/lib/libXnVNite_1_3_1.dylib"; sourceTree = SOURCE_ROOT; };
		BBAB23BE13894E4700AA2426 /* GLUT.framework */ = {isa = PBXFileReference; lastKnownFileType = wrapper.framework; name = GLUT.framework; path = ../../../libs/glut/lib/osx/GLUT.framework; sourceTree = "<group>"; };
		E4328143138ABC890047C5CB /* openFrameworksLib.xcodeproj */ = {isa = PBXFileReference; lastKnownFileType = "wrapper.pb-project"; name = openFrameworksLib.xcodeproj; path = ../../../libs/openFrameworksCompiled/project/osx/openFrameworksLib.xcodeproj; sourceTree = SOURCE_ROOT; };
		E45BE9710E8CC7DD009D7055 /* AGL.framework */ = {isa = PBXFileReference; lastKnownFileType = wrapper.framework; name = AGL.framework; path = /System/Library/Frameworks/AGL.framework; sourceTree = "<absolute>"; };
		E45BE9720E8CC7DD009D7055 /* ApplicationServices.framework */ = {isa = PBXFileReference; lastKnownFileType = wrapper.framework; name = ApplicationServices.framework; path = /System/Library/Frameworks/ApplicationServices.framework; sourceTree = "<absolute>"; };
		E45BE9730E8CC7DD009D7055 /* AudioToolbox.framework */ = {isa = PBXFileReference; lastKnownFileType = wrapper.framework; name = AudioToolbox.framework; path = /System/Library/Frameworks/AudioToolbox.framework; sourceTree = "<absolute>"; };
		E45BE9740E8CC7DD009D7055 /* Carbon.framework */ = {isa = PBXFileReference; lastKnownFileType = wrapper.framework; name = Carbon.framework; path = /System/Library/Frameworks/Carbon.framework; sourceTree = "<absolute>"; };
		E45BE9750E8CC7DD009D7055 /* CoreAudio.framework */ = {isa = PBXFileReference; lastKnownFileType = wrapper.framework; name = CoreAudio.framework; path = /System/Library/Frameworks/CoreAudio.framework; sourceTree = "<absolute>"; };
		E45BE9760E8CC7DD009D7055 /* CoreFoundation.framework */ = {isa = PBXFileReference; lastKnownFileType = wrapper.framework; name = CoreFoundation.framework; path = /System/Library/Frameworks/CoreFoundation.framework; sourceTree = "<absolute>"; };
		E45BE9770E8CC7DD009D7055 /* CoreServices.framework */ = {isa = PBXFileReference; lastKnownFileType = wrapper.framework; name = CoreServices.framework; path = /System/Library/Frameworks/CoreServices.framework; sourceTree = "<absolute>"; };
		E45BE9790E8CC7DD009D7055 /* OpenGL.framework */ = {isa = PBXFileReference; lastKnownFileType = wrapper.framework; name = OpenGL.framework; path = /System/Library/Frameworks/OpenGL.framework; sourceTree = "<absolute>"; };
		E45BE97A0E8CC7DD009D7055 /* QuickTime.framework */ = {isa = PBXFileReference; lastKnownFileType = wrapper.framework; name = QuickTime.framework; path = /System/Library/Frameworks/QuickTime.framework; sourceTree = "<absolute>"; };
		E4B69B5B0A3A1756003C02F2 /* openNISample007Debug.app */ = {isa = PBXFileReference; explicitFileType = wrapper.application; includeInIndex = 0; path = openNISample007Debug.app; sourceTree = BUILT_PRODUCTS_DIR; };
		E4B69E1D0A3A1BDC003C02F2 /* main.cpp */ = {isa = PBXFileReference; fileEncoding = 30; lastKnownFileType = sourcecode.cpp.cpp; name = main.cpp; path = src/main.cpp; sourceTree = SOURCE_ROOT; };
		E4B69E1E0A3A1BDC003C02F2 /* testApp.cpp */ = {isa = PBXFileReference; explicitFileType = sourcecode.cpp.cpp; fileEncoding = 30; name = testApp.cpp; path = src/testApp.cpp; sourceTree = SOURCE_ROOT; };
		E4B69E1F0A3A1BDC003C02F2 /* testApp.h */ = {isa = PBXFileReference; fileEncoding = 30; lastKnownFileType = sourcecode.c.h; name = testApp.h; path = src/testApp.h; sourceTree = SOURCE_ROOT; };
		E4B6FCAD0C3E899E008CF71C /* openFrameworks-Info.plist */ = {isa = PBXFileReference; fileEncoding = 30; lastKnownFileType = text.plist.xml; path = "openFrameworks-Info.plist"; sourceTree = "<group>"; };
		E4C2424410CC5A17004149E2 /* AppKit.framework */ = {isa = PBXFileReference; lastKnownFileType = wrapper.framework; name = AppKit.framework; path = /System/Library/Frameworks/AppKit.framework; sourceTree = "<absolute>"; };
		E4C2424510CC5A17004149E2 /* Cocoa.framework */ = {isa = PBXFileReference; lastKnownFileType = wrapper.framework; name = Cocoa.framework; path = /System/Library/Frameworks/Cocoa.framework; sourceTree = "<absolute>"; };
		E4C2424610CC5A17004149E2 /* IOKit.framework */ = {isa = PBXFileReference; lastKnownFileType = wrapper.framework; name = IOKit.framework; path = /System/Library/Frameworks/IOKit.framework; sourceTree = "<absolute>"; };
		E4EB691F138AFCF100A09F29 /* CoreOF.xcconfig */ = {isa = PBXFileReference; fileEncoding = 4; lastKnownFileType = text.xcconfig; name = CoreOF.xcconfig; path = ../../../libs/openFrameworksCompiled/project/osx/CoreOF.xcconfig; sourceTree = SOURCE_ROOT; };
		E4EB6923138AFD0F00A09F29 /* Project.xcconfig */ = {isa = PBXFileReference; fileEncoding = 4; lastKnownFileType = text.xcconfig; path = Project.xcconfig; sourceTree = "<group>"; };
/* End PBXFileReference section */

/* Begin PBXFrameworksBuildPhase section */
		E4B69B590A3A1756003C02F2 /* Frameworks */ = {
			isa = PBXFrameworksBuildPhase;
			buildActionMask = 2147483647;
			files = (
				E4EB6799138ADC1D00A09F29 /* GLUT.framework in Frameworks */,
				E4328149138ABC9F0047C5CB /* openFrameworksDebug.a in Frameworks */,
				E45BE97B0E8CC7DD009D7055 /* AGL.framework in Frameworks */,
				E45BE97C0E8CC7DD009D7055 /* ApplicationServices.framework in Frameworks */,
				E45BE97D0E8CC7DD009D7055 /* AudioToolbox.framework in Frameworks */,
				E45BE97E0E8CC7DD009D7055 /* Carbon.framework in Frameworks */,
				E45BE97F0E8CC7DD009D7055 /* CoreAudio.framework in Frameworks */,
				E45BE9800E8CC7DD009D7055 /* CoreFoundation.framework in Frameworks */,
				E45BE9810E8CC7DD009D7055 /* CoreServices.framework in Frameworks */,
				E45BE9830E8CC7DD009D7055 /* OpenGL.framework in Frameworks */,
				E45BE9840E8CC7DD009D7055 /* QuickTime.framework in Frameworks */,
				E4C2424710CC5A17004149E2 /* AppKit.framework in Frameworks */,
				E4C2424810CC5A17004149E2 /* Cocoa.framework in Frameworks */,
				E4C2424910CC5A17004149E2 /* IOKit.framework in Frameworks */,
				B0DD8AE414AE4DB400258008 /* libnimCodecs.dylib in Frameworks */,
				B0DD8AE514AE4DB400258008 /* libnimMockNodes.dylib in Frameworks */,
				B0DD8AE614AE4DB400258008 /* libnimRecorder.dylib in Frameworks */,
				B0DD8AE714AE4DB400258008 /* libOpenNI.dylib in Frameworks */,
				B0DD8AE814AE4DB400258008 /* libusb-1.0.0.dylib in Frameworks */,
				B0DD8AE914AE4DB400258008 /* libXnCore.dylib in Frameworks */,
				B0DD8AEA14AE4DB400258008 /* libXnDDK.dylib in Frameworks */,
				B0DD8AEB14AE4DB400258008 /* libXnDeviceFile.dylib in Frameworks */,
				B0DD8AEC14AE4DB400258008 /* libXnDeviceSensorV2KM.dylib in Frameworks */,
				B0DD8AED14AE4DB400258008 /* libXnFormats.dylib in Frameworks */,
				B0DD8AEE14AE4DB500258008 /* libXnVCNITE_1_3_1.dylib in Frameworks */,
				B0DD8AEF14AE4DB500258008 /* libXnVFeatures_1_3_1.dylib in Frameworks */,
				B0DD8AF014AE4DB500258008 /* libXnVHandGenerator_1_3_1.dylib in Frameworks */,
				B0DD8AF114AE4DB500258008 /* libXnVNite_1_3_1.dylib in Frameworks */,
			);
			runOnlyForDeploymentPostprocessing = 0;
		};
/* End PBXFrameworksBuildPhase section */

/* Begin PBXGroup section */
		B0C0DE6914ABC390002040D2 /* include */ = {
			isa = PBXGroup;
			children = (
				B0C0DE6A14ABC390002040D2 /* libusb */,
				B0C0DE6C14ABC390002040D2 /* nite */,
				B0C0DEAB14ABC390002040D2 /* openni */,
			);
			name = include;
			path = ../../../addons/ofxOpenNI_git/include;
			sourceTree = SOURCE_ROOT;
		};
		B0C0DE6A14ABC390002040D2 /* libusb */ = {
			isa = PBXGroup;
			children = (
				B0C0DE6B14ABC390002040D2 /* libusb.h */,
			);
			path = libusb;
			sourceTree = "<group>";
		};
		B0C0DE6C14ABC390002040D2 /* nite */ = {
			isa = PBXGroup;
			children = (
				B0C0DE6D14ABC390002040D2 /* XnCommon.h */,
				B0C0DE6E14ABC390002040D2 /* XnV3DVector.h */,
				B0C0DE6F14ABC390002040D2 /* XnVActivationMessage.h */,
				B0C0DE7014ABC390002040D2 /* XnVBroadcaster.h */,
				B0C0DE7114ABC390002040D2 /* XnVCCMessage.h */,
				B0C0DE7214ABC390002040D2 /* XnVCircle.h */,
				B0C0DE7314ABC390002040D2 /* XnVCircleDetector.h */,
				B0C0DE7414ABC390002040D2 /* XnVClickableVirtualPlane.h */,
				B0C0DE7514ABC390002040D2 /* XnVComplexMessage.h */,
				B0C0DE7614ABC390002040D2 /* XnVDepthControl.h */,
				B0C0DE7714ABC390002040D2 /* XnVDepthGenerator.h */,
				B0C0DE7814ABC390002040D2 /* XnVDepthMessage.h */,
				B0C0DE7914ABC390002040D2 /* XnVDeviceControl.h */,
				B0C0DE7A14ABC390002040D2 /* XnVDeviceFilter.h */,
				B0C0DE7B14ABC390002040D2 /* XnVDeviceGenerator.h */,
				B0C0DE7C14ABC390002040D2 /* XnVDeviceMessage.h */,
				B0C0DE7D14ABC390002040D2 /* XnVDirection.h */,
				B0C0DE7E14ABC390002040D2 /* XnVFilter.h */,
				B0C0DE7F14ABC390002040D2 /* XnVFlowRouter.h */,
				B0C0DE8014ABC390002040D2 /* XnVGesture.h */,
				B0C0DE8114ABC390002040D2 /* XnVHandle.h */,
				B0C0DE8214ABC390002040D2 /* XnVHandPointContext.h */,
				B0C0DE8314ABC390002040D2 /* XnVImageGenerator.h */,
				B0C0DE8414ABC390002040D2 /* XnVImageMessage.h */,
				B0C0DE8514ABC390002040D2 /* XnVMathCommon.h */,
				B0C0DE8614ABC390002040D2 /* XnVMessage.h */,
				B0C0DE8714ABC390002040D2 /* XnVMessageGenerator.h */,
				B0C0DE8814ABC390002040D2 /* XnVMessageListener.h */,
				B0C0DE8914ABC390002040D2 /* XnVMessageMux.h */,
				B0C0DE8A14ABC390002040D2 /* XnVMultiItemHysteresis1D.h */,
				B0C0DE8B14ABC390002040D2 /* XnVMultiItemHysteresis2D.h */,
				B0C0DE8C14ABC390002040D2 /* XnVMultipleHands.h */,
				B0C0DE8D14ABC390002040D2 /* XnVMultiProcessFlowClient.h */,
				B0C0DE8E14ABC390002040D2 /* XnVMultiProcessFlowServer.h */,
				B0C0DE8F14ABC390002040D2 /* XnVNite.h */,
				B0C0DE9014ABC390002040D2 /* XnVNiteControls.h */,
				B0C0DE9114ABC390002040D2 /* XnVNiteDefs.h */,
				B0C0DE9214ABC390002040D2 /* XnVNiteEvents.h */,
				B0C0DE9314ABC390002040D2 /* XnVNiteFramework.h */,
				B0C0DE9414ABC390002040D2 /* XnVNiteLog.h */,
				B0C0DE9514ABC390002040D2 /* XnVNiteStatus.h */,
				B0C0DE9614ABC390002040D2 /* XnVNiteVersion.h */,
				B0C0DE9714ABC390002040D2 /* XnVPointArea.h */,
				B0C0DE9814ABC390002040D2 /* XnVPointControl.h */,
				B0C0DE9914ABC390002040D2 /* XnVPointDenoiser.h */,
				B0C0DE9A14ABC390002040D2 /* XnVPointFilter.h */,
				B0C0DE9B14ABC390002040D2 /* XnVPointMessage.h */,
				B0C0DE9C14ABC390002040D2 /* XnVPointTracker.h */,
				B0C0DE9D14ABC390002040D2 /* XnVPushDetector.h */,
				B0C0DE9E14ABC390002040D2 /* XnVSelectableSlider1D.h */,
				B0C0DE9F14ABC390002040D2 /* XnVSelectableSlider2D.h */,
				B0C0DEA014ABC390002040D2 /* XnVSessionGenerator.h */,
				B0C0DEA114ABC390002040D2 /* XnVSessionListener.h */,
				B0C0DEA214ABC390002040D2 /* XnVSessionManager.h */,
				B0C0DEA314ABC390002040D2 /* XnVSessionMessage.h */,
				B0C0DEA414ABC390002040D2 /* XnVSlider1D.h */,
				B0C0DEA514ABC390002040D2 /* XnVSlider2D.h */,
				B0C0DEA614ABC390002040D2 /* XnVSlider3D.h */,
				B0C0DEA714ABC390002040D2 /* XnVSteadyDetector.h */,
				B0C0DEA814ABC390002040D2 /* XnVSwipeDetector.h */,
				B0C0DEA914ABC390002040D2 /* XnVVirtualCoordinates.h */,
				B0C0DEAA14ABC390002040D2 /* XnVWaveDetector.h */,
			);
			path = nite;
			sourceTree = "<group>";
		};
		B0C0DEAB14ABC390002040D2 /* openni */ = {
			isa = PBXGroup;
			children = (
				B0C0DEAC14ABC390002040D2 /* ARC */,
				B0C0DEAF14ABC390002040D2 /* IXnNodeAllocator.h */,
				B0C0DEB014ABC390002040D2 /* Linux-Arm */,
				B0C0DEB214ABC390002040D2 /* Linux-x86 */,
				B0C0DEB514ABC390002040D2 /* MacOSX */,
				B0C0DEB714ABC390002040D2 /* Win32 */,
				B0C0DEBA14ABC390002040D2 /* XnAlgorithms.h */,
				B0C0DEBB14ABC390002040D2 /* XnArray.h */,
				B0C0DEBC14ABC390002040D2 /* XnBaseNode.h */,
				B0C0DEBD14ABC390002040D2 /* XnBitSet.h */,
				B0C0DEBE14ABC390002040D2 /* XnCallback.h */,
				B0C0DEBF14ABC390002040D2 /* XnCodecIDs.h */,
				B0C0DEC014ABC390002040D2 /* XnContext.h */,
				B0C0DEC114ABC390002040D2 /* XnCppWrapper.h */,
				B0C0DEC214ABC390002040D2 /* XnDataTypes.h */,
				B0C0DEC314ABC390002040D2 /* XnDump.h */,
				B0C0DEC414ABC390002040D2 /* XnEnumerationErrors.h */,
				B0C0DEC514ABC390002040D2 /* XnEvent.h */,
				B0C0DEC614ABC390002040D2 /* XnFPSCalculator.h */,
				B0C0DEC714ABC390002040D2 /* XnGeneralBuffer.h */,
				B0C0DEC814ABC390002040D2 /* XnHash.h */,
				B0C0DEC914ABC390002040D2 /* XnInternalDefs.h */,
				B0C0DECA14ABC390002040D2 /* XnLicensing.h */,
				B0C0DECB14ABC390002040D2 /* XnList.h */,
				B0C0DECC14ABC390002040D2 /* XnLog.h */,
				B0C0DECD14ABC390002040D2 /* XnLogTypes.h */,
				B0C0DECE14ABC390002040D2 /* XnLogWriterBase.h */,
				B0C0DECF14ABC390002040D2 /* XnMacros.h */,
				B0C0DED014ABC390002040D2 /* XnModuleCFunctions.h */,
				B0C0DED114ABC390002040D2 /* XnModuleCppInterface.h */,
				B0C0DED214ABC390002040D2 /* XnModuleCppRegistratration.h */,
				B0C0DED314ABC390002040D2 /* XnModuleInterface.h */,
				B0C0DED414ABC390002040D2 /* XnNode.h */,
				B0C0DED514ABC390002040D2 /* XnNodeAllocator.h */,
				B0C0DED614ABC390002040D2 /* XnOpenNI.h */,
				B0C0DED714ABC390002040D2 /* XnOS.h */,
				B0C0DED814ABC390002040D2 /* XnOSCpp.h */,
				B0C0DED914ABC390002040D2 /* XnOSMemory.h */,
				B0C0DEDA14ABC390002040D2 /* XnOSStrings.h */,
				B0C0DEDB14ABC390002040D2 /* XnPlatform.h */,
				B0C0DEDC14ABC390002040D2 /* XnPrdNode.h */,
				B0C0DEDD14ABC390002040D2 /* XnPrdNodeInfo.h */,
				B0C0DEDE14ABC390002040D2 /* XnPrdNodeInfoList.h */,
				B0C0DEDF14ABC390002040D2 /* XnProfiling.h */,
				B0C0DEE014ABC390002040D2 /* XnPropNames.h */,
				B0C0DEE114ABC390002040D2 /* XnQueries.h */,
				B0C0DEE214ABC390002040D2 /* XnQueue.h */,
				B0C0DEE314ABC390002040D2 /* XnScheduler.h */,
				B0C0DEE414ABC390002040D2 /* XnStack.h */,
				B0C0DEE514ABC390002040D2 /* XnStatus.h */,
				B0C0DEE614ABC390002040D2 /* XnStatusCodes.h */,
				B0C0DEE714ABC390002040D2 /* XnStatusRegister.h */,
				B0C0DEE814ABC390002040D2 /* XnStringsHash.h */,
				B0C0DEE914ABC390002040D2 /* XnThreadSafeQueue.h */,
				B0C0DEEA14ABC390002040D2 /* XnTypes.h */,
				B0C0DEEB14ABC390002040D2 /* XnUSB.h */,
				B0C0DEEC14ABC390002040D2 /* XnUSBDevice.h */,
				B0C0DEED14ABC390002040D2 /* XnUtils.h */,
				B0C0DEEE14ABC390002040D2 /* XnVersion.h */,
			);
			path = openni;
			sourceTree = "<group>";
		};
		B0C0DEAC14ABC390002040D2 /* ARC */ = {
			isa = PBXGroup;
			children = (
				B0C0DEAD14ABC390002040D2 /* XnOSARC.h */,
				B0C0DEAE14ABC390002040D2 /* XnPlatformARC.h */,
			);
			path = ARC;
			sourceTree = "<group>";
		};
		B0C0DEB014ABC390002040D2 /* Linux-Arm */ = {
			isa = PBXGroup;
			children = (
				B0C0DEB114ABC390002040D2 /* XnPlatformLinux-Arm.h */,
			);
			path = "Linux-Arm";
			sourceTree = "<group>";
		};
		B0C0DEB214ABC390002040D2 /* Linux-x86 */ = {
			isa = PBXGroup;
			children = (
				B0C0DEB314ABC390002040D2 /* XnOSLinux-x86.h */,
				B0C0DEB414ABC390002040D2 /* XnPlatformLinux-x86.h */,
			);
			path = "Linux-x86";
			sourceTree = "<group>";
		};
		B0C0DEB514ABC390002040D2 /* MacOSX */ = {
			isa = PBXGroup;
			children = (
				B0C0DEB614ABC390002040D2 /* XnPlatformMacOSX.h */,
			);
			path = MacOSX;
			sourceTree = "<group>";
		};
		B0C0DEB714ABC390002040D2 /* Win32 */ = {
			isa = PBXGroup;
			children = (
				B0C0DEB814ABC390002040D2 /* XnOSWin32.h */,
				B0C0DEB914ABC390002040D2 /* XnPlatformWin32.h */,
			);
			path = Win32;
			sourceTree = "<group>";
		};
		B0C0DEEF14ABC390002040D2 /* src */ = {
			isa = PBXGroup;
			children = (
				B0C0DEF014ABC390002040D2 /* ofxDepthGenerator.cpp */,
				B0C0DEF114ABC390002040D2 /* ofxDepthGenerator.h */,
				B0C0DEF214ABC390002040D2 /* ofxGestureGenerator.cpp */,
				B0C0DEF314ABC390002040D2 /* ofxGestureGenerator.h */,
				B0C0DEF414ABC390002040D2 /* ofxHandGenerator.cpp */,
				B0C0DEF514ABC390002040D2 /* ofxHandGenerator.h */,
				B0C0DEF614ABC390002040D2 /* ofxHardwareDriver.cpp */,
				B0C0DEF714ABC390002040D2 /* ofxHardwareDriver.h */,
				B0C0DEF814ABC390002040D2 /* ofxImageGenerator.cpp */,
				B0C0DEF914ABC390002040D2 /* ofxImageGenerator.h */,
				B0C0DEFA14ABC390002040D2 /* ofxIRGenerator.cpp */,
				B0C0DEFB14ABC390002040D2 /* ofxIRGenerator.h */,
				B0C0DEFC14ABC390002040D2 /* ofxOpenNI.h */,
				B0C0DEFD14ABC390002040D2 /* ofxOpenNIContext.cpp */,
				B0C0DEFE14ABC390002040D2 /* ofxOpenNIContext.h */,
				B0C0DEFF14ABC390002040D2 /* ofxOpenNIMacros.h */,
				B0C0DF0014ABC390002040D2 /* ofxOpenNIRecorder.cpp */,
				B0C0DF0114ABC390002040D2 /* ofxOpenNIRecorder.h */,
				B0C0DF0214ABC390002040D2 /* ofxTrackedHand.cpp */,
				B0C0DF0314ABC390002040D2 /* ofxTrackedHand.h */,
				B0C0DF0414ABC390002040D2 /* ofxTrackedUser.cpp */,
				B0C0DF0514ABC390002040D2 /* ofxTrackedUser.h */,
				B0C0DF0614ABC390002040D2 /* ofxUserGenerator.cpp */,
				B0C0DF0714ABC390002040D2 /* ofxUserGenerator.h */,
			);
			name = src;
			path = ../../../addons/ofxOpenNI_git/src;
			sourceTree = SOURCE_ROOT;
		};
		BB4B014C10F69532006C3DED /* addons */ = {
			isa = PBXGroup;
			children = (
				B0DD8AD614AE4DB400258008 /* libnimCodecs.dylib */,
				B0DD8AD714AE4DB400258008 /* libnimMockNodes.dylib */,
				B0DD8AD814AE4DB400258008 /* libnimRecorder.dylib */,
				B0DD8AD914AE4DB400258008 /* libOpenNI.dylib */,
				B0DD8ADA14AE4DB400258008 /* libusb-1.0.0.dylib */,
				B0DD8ADB14AE4DB400258008 /* libXnCore.dylib */,
				B0DD8ADC14AE4DB400258008 /* libXnDDK.dylib */,
				B0DD8ADD14AE4DB400258008 /* libXnDeviceFile.dylib */,
				B0DD8ADE14AE4DB400258008 /* libXnDeviceSensorV2KM.dylib */,
				B0DD8ADF14AE4DB400258008 /* libXnFormats.dylib */,
				B0DD8AE014AE4DB400258008 /* libXnVCNITE_1_3_1.dylib */,
				B0DD8AE114AE4DB400258008 /* libXnVFeatures_1_3_1.dylib */,
				B0DD8AE214AE4DB400258008 /* libXnVHandGenerator_1_3_1.dylib */,
				B0DD8AE314AE4DB400258008 /* libXnVNite_1_3_1.dylib */,
				B0C0DE6914ABC390002040D2 /* include */,
				B0C0DEEF14ABC390002040D2 /* src */,
			);
			name = addons;
			sourceTree = "<group>";
		};
		BBAB23C913894ECA00AA2426 /* system frameworks */ = {
			isa = PBXGroup;
			children = (
				E4C2424410CC5A17004149E2 /* AppKit.framework */,
				E4C2424510CC5A17004149E2 /* Cocoa.framework */,
				E4C2424610CC5A17004149E2 /* IOKit.framework */,
				E45BE9710E8CC7DD009D7055 /* AGL.framework */,
				E45BE9720E8CC7DD009D7055 /* ApplicationServices.framework */,
				E45BE9730E8CC7DD009D7055 /* AudioToolbox.framework */,
				E45BE9740E8CC7DD009D7055 /* Carbon.framework */,
				E45BE9750E8CC7DD009D7055 /* CoreAudio.framework */,
				E45BE9760E8CC7DD009D7055 /* CoreFoundation.framework */,
				E45BE9770E8CC7DD009D7055 /* CoreServices.framework */,
				E45BE9790E8CC7DD009D7055 /* OpenGL.framework */,
				E45BE97A0E8CC7DD009D7055 /* QuickTime.framework */,
			);
			name = "system frameworks";
			sourceTree = "<group>";
		};
		BBAB23CA13894EDB00AA2426 /* 3rd party frameworks */ = {
			isa = PBXGroup;
			children = (
				BBAB23BE13894E4700AA2426 /* GLUT.framework */,
			);
			name = "3rd party frameworks";
			sourceTree = "<group>";
		};
		E4328144138ABC890047C5CB /* Products */ = {
			isa = PBXGroup;
			children = (
				E4328148138ABC890047C5CB /* openFrameworksDebug.a */,
			);
			name = Products;
			sourceTree = "<group>";
		};
		E45BE5980E8CC70C009D7055 /* frameworks */ = {
			isa = PBXGroup;
			children = (
				BBAB23CA13894EDB00AA2426 /* 3rd party frameworks */,
				BBAB23C913894ECA00AA2426 /* system frameworks */,
			);
			name = frameworks;
			sourceTree = "<group>";
		};
		E4B69B4A0A3A1720003C02F2 = {
			isa = PBXGroup;
			children = (
				E4B69E1C0A3A1BDC003C02F2 /* src */,
				E4EEC9E9138DF44700A80321 /* openFrameworks */,
				BB4B014C10F69532006C3DED /* addons */,
				E45BE5980E8CC70C009D7055 /* frameworks */,
				E4B69B5B0A3A1756003C02F2 /* openNISample007Debug.app */,
			);
			sourceTree = "<group>";
		};
		E4B69E1C0A3A1BDC003C02F2 /* src */ = {
			isa = PBXGroup;
			children = (
				E4B69E1D0A3A1BDC003C02F2 /* main.cpp */,
				E4B69E1E0A3A1BDC003C02F2 /* testApp.cpp */,
				E4B69E1F0A3A1BDC003C02F2 /* testApp.h */,
			);
			path = src;
			sourceTree = SOURCE_ROOT;
		};
		E4EEC9E9138DF44700A80321 /* openFrameworks */ = {
			isa = PBXGroup;
			children = (
				E4EB6923138AFD0F00A09F29 /* Project.xcconfig */,
				E4EB691F138AFCF100A09F29 /* CoreOF.xcconfig */,
				E4328143138ABC890047C5CB /* openFrameworksLib.xcodeproj */,
				E4B6FCAD0C3E899E008CF71C /* openFrameworks-Info.plist */,
			);
			name = openFrameworks;
			sourceTree = "<group>";
		};
/* End PBXGroup section */

/* Begin PBXNativeTarget section */
		E4B69B5A0A3A1756003C02F2 /* openNISample007 */ = {
			isa = PBXNativeTarget;
			buildConfigurationList = E4B69B5F0A3A1757003C02F2 /* Build configuration list for PBXNativeTarget "openNISample007" */;
			buildPhases = (
				E4B69B580A3A1756003C02F2 /* Sources */,
				E4B69B590A3A1756003C02F2 /* Frameworks */,
				E4B6FFFD0C3F9AB9008CF71C /* ShellScript */,
				E4C2427710CC5ABF004149E2 /* CopyFiles */,
			);
			buildRules = (
			);
			dependencies = (
				E4EEB9AC138B136A00A80321 /* PBXTargetDependency */,
			);
			name = openNISample007;
			productName = myOFApp;
			productReference = E4B69B5B0A3A1756003C02F2 /* openNISample007Debug.app */;
			productType = "com.apple.product-type.application";
		};
/* End PBXNativeTarget section */

/* Begin PBXProject section */
		E4B69B4C0A3A1720003C02F2 /* Project object */ = {
			isa = PBXProject;
			buildConfigurationList = E4B69B4D0A3A1720003C02F2 /* Build configuration list for PBXProject "AutoSkeletonExample" */;
			compatibilityVersion = "Xcode 2.4";
			developmentRegion = English;
			hasScannedForEncodings = 0;
			knownRegions = (
				English,
				Japanese,
				French,
				German,
			);
			mainGroup = E4B69B4A0A3A1720003C02F2;
			productRefGroup = E4B69B4A0A3A1720003C02F2;
			projectDirPath = "";
			projectReferences = (
				{
					ProductGroup = E4328144138ABC890047C5CB /* Products */;
					ProjectRef = E4328143138ABC890047C5CB /* openFrameworksLib.xcodeproj */;
				},
			);
			projectRoot = "";
			targets = (
				E4B69B5A0A3A1756003C02F2 /* openNISample007 */,
			);
		};
/* End PBXProject section */

/* Begin PBXReferenceProxy section */
		E4328148138ABC890047C5CB /* openFrameworksDebug.a */ = {
			isa = PBXReferenceProxy;
			fileType = archive.ar;
			path = openFrameworksDebug.a;
			remoteRef = E4328147138ABC890047C5CB /* PBXContainerItemProxy */;
			sourceTree = BUILT_PRODUCTS_DIR;
		};
/* End PBXReferenceProxy section */

/* Begin PBXShellScriptBuildPhase section */
		E4B6FFFD0C3F9AB9008CF71C /* ShellScript */ = {
			isa = PBXShellScriptBuildPhase;
			buildActionMask = 2147483647;
			files = (
			);
			inputPaths = (
			);
			outputPaths = (
			);
			runOnlyForDeploymentPostprocessing = 0;
			shellPath = /bin/sh;
			shellScript = "cp -f ../../../libs/fmodex/lib/osx/libfmodex.dylib \"$TARGET_BUILD_DIR/$PRODUCT_NAME.app/Contents/MacOS/libfmodex.dylib\"; install_name_tool -change ./libfmodex.dylib @executable_path/libfmodex.dylib \"$TARGET_BUILD_DIR/$PRODUCT_NAME.app/Contents/MacOS/$PRODUCT_NAME\";";
		};
/* End PBXShellScriptBuildPhase section */

/* Begin PBXSourcesBuildPhase section */
		E4B69B580A3A1756003C02F2 /* Sources */ = {
			isa = PBXSourcesBuildPhase;
			buildActionMask = 2147483647;
			files = (
				E4B69E200A3A1BDC003C02F2 /* main.cpp in Sources */,
				E4B69E210A3A1BDC003C02F2 /* testApp.cpp in Sources */,
				B0C0DF0814ABC390002040D2 /* ofxDepthGenerator.cpp in Sources */,
				B0C0DF0914ABC390002040D2 /* ofxGestureGenerator.cpp in Sources */,
				B0C0DF0A14ABC390002040D2 /* ofxHandGenerator.cpp in Sources */,
				B0C0DF0B14ABC390002040D2 /* ofxHardwareDriver.cpp in Sources */,
				B0C0DF0C14ABC390002040D2 /* ofxImageGenerator.cpp in Sources */,
				B0C0DF0D14ABC390002040D2 /* ofxIRGenerator.cpp in Sources */,
				B0C0DF0E14ABC390002040D2 /* ofxOpenNIContext.cpp in Sources */,
				B0C0DF0F14ABC390002040D2 /* ofxOpenNIRecorder.cpp in Sources */,
				B0C0DF1014ABC390002040D2 /* ofxTrackedHand.cpp in Sources */,
				B0C0DF1114ABC390002040D2 /* ofxTrackedUser.cpp in Sources */,
				B0C0DF1214ABC390002040D2 /* ofxUserGenerator.cpp in Sources */,
			);
			runOnlyForDeploymentPostprocessing = 0;
		};
/* End PBXSourcesBuildPhase section */

/* Begin PBXTargetDependency section */
		E4EEB9AC138B136A00A80321 /* PBXTargetDependency */ = {
			isa = PBXTargetDependency;
			name = openFrameworks;
			targetProxy = E4EEB9AB138B136A00A80321 /* PBXContainerItemProxy */;
		};
/* End PBXTargetDependency section */

/* Begin XCBuildConfiguration section */
		E4B69B4E0A3A1720003C02F2 /* Debug */ = {
			isa = XCBuildConfiguration;
			baseConfigurationReference = E4EB6923138AFD0F00A09F29 /* Project.xcconfig */;
			buildSettings = {
				ARCHS = "$(NATIVE_ARCH)";
				CONFIGURATION_BUILD_DIR = "$(SRCROOT)/bin";
				COPY_PHASE_STRIP = NO;
				DEAD_CODE_STRIPPING = YES;
				GCC_AUTO_VECTORIZATION = YES;
				GCC_ENABLE_SSE3_EXTENSIONS = YES;
				GCC_ENABLE_SUPPLEMENTAL_SSE3_INSTRUCTIONS = YES;
				GCC_INLINES_ARE_PRIVATE_EXTERN = NO;
				GCC_MODEL_TUNING = G5;
				GCC_SYMBOLS_PRIVATE_EXTERN = NO;
				GCC_WARN_ABOUT_DEPRECATED_FUNCTIONS = NO;
				GCC_WARN_ABOUT_INVALID_OFFSETOF_MACRO = NO;
				GCC_WARN_ALLOW_INCOMPLETE_PROTOCOL = NO;
				GCC_WARN_UNINITIALIZED_AUTOS = NO;
				GCC_WARN_UNUSED_VALUE = NO;
				GCC_WARN_UNUSED_VARIABLE = NO;
				OTHER_CPLUSPLUSFLAGS = (
					"-D__MACOSX_CORE__",
					"-lpthread",
				);
				SDKROOT = macosx;
			};
			name = Debug;
		};
		E4B69B4F0A3A1720003C02F2 /* Release */ = {
			isa = XCBuildConfiguration;
			baseConfigurationReference = E4EB6923138AFD0F00A09F29 /* Project.xcconfig */;
			buildSettings = {
				ARCHS = "$(NATIVE_ARCH)";
				CONFIGURATION_BUILD_DIR = "$(SRCROOT)/bin/";
				COPY_PHASE_STRIP = YES;
				DEAD_CODE_STRIPPING = YES;
				GCC_AUTO_VECTORIZATION = YES;
				GCC_ENABLE_SSE3_EXTENSIONS = YES;
				GCC_ENABLE_SUPPLEMENTAL_SSE3_INSTRUCTIONS = YES;
				GCC_INLINES_ARE_PRIVATE_EXTERN = NO;
				GCC_MODEL_TUNING = G5;
				GCC_OPTIMIZATION_LEVEL = 3;
				GCC_SYMBOLS_PRIVATE_EXTERN = NO;
				GCC_UNROLL_LOOPS = YES;
				GCC_WARN_ABOUT_DEPRECATED_FUNCTIONS = NO;
				GCC_WARN_ABOUT_INVALID_OFFSETOF_MACRO = NO;
				GCC_WARN_ALLOW_INCOMPLETE_PROTOCOL = NO;
				GCC_WARN_UNINITIALIZED_AUTOS = NO;
				GCC_WARN_UNUSED_VALUE = NO;
				GCC_WARN_UNUSED_VARIABLE = NO;
				OTHER_CPLUSPLUSFLAGS = (
					"-D__MACOSX_CORE__",
					"-lpthread",
				);
				SDKROOT = macosx;
			};
			name = Release;
		};
		E4B69B600A3A1757003C02F2 /* Debug */ = {
			isa = XCBuildConfiguration;
			buildSettings = {
				COPY_PHASE_STRIP = NO;
				FRAMEWORK_SEARCH_PATHS = (
					"$(inherited)",
					"$(FRAMEWORK_SEARCH_PATHS_QUOTED_FOR_TARGET_1)",
				);
				FRAMEWORK_SEARCH_PATHS_QUOTED_FOR_TARGET_1 = "\"$(SRCROOT)/../../../libs/glut/lib/osx\"";
				GCC_DYNAMIC_NO_PIC = NO;
				GCC_ENABLE_FIX_AND_CONTINUE = YES;
				GCC_GENERATE_DEBUGGING_SYMBOLS = YES;
				GCC_MODEL_TUNING = G4;
				GCC_PRECOMPILE_PREFIX_HEADER = YES;
				GCC_PREFIX_HEADER = "$(SYSTEM_LIBRARY_DIR)/Frameworks/Carbon.framework/Headers/Carbon.h";
				INFOPLIST_FILE = "openFrameworks-Info.plist";
				INSTALL_PATH = "$(HOME)/Applications";
				LIBRARY_SEARCH_PATHS = (
					"$(inherited)",
					"$(LIBRARY_SEARCH_PATHS_QUOTED_FOR_TARGET_1)",
					"$(LIBRARY_SEARCH_PATHS_QUOTED_FOR_TARGET_2)",
					"$(LIBRARY_SEARCH_PATHS_QUOTED_FOR_TARGET_3)",
					"$(LIBRARY_SEARCH_PATHS_QUOTED_FOR_TARGET_4)",
					"$(LIBRARY_SEARCH_PATHS_QUOTED_FOR_TARGET_5)",
					"$(LIBRARY_SEARCH_PATHS_QUOTED_FOR_TARGET_6)",
					"$(LIBRARY_SEARCH_PATHS_QUOTED_FOR_TARGET_7)",
					"$(LIBRARY_SEARCH_PATHS_QUOTED_FOR_TARGET_8)",
					"$(LIBRARY_SEARCH_PATHS_QUOTED_FOR_TARGET_9)",
					"$(LIBRARY_SEARCH_PATHS_QUOTED_FOR_TARGET_10)",
					"$(LIBRARY_SEARCH_PATHS_QUOTED_FOR_TARGET_11)",
					"$(LIBRARY_SEARCH_PATHS_QUOTED_FOR_TARGET_12)",
					"$(LIBRARY_SEARCH_PATHS_QUOTED_FOR_TARGET_13)",
					"$(LIBRARY_SEARCH_PATHS_QUOTED_FOR_TARGET_14)",
					"$(LIBRARY_SEARCH_PATHS_QUOTED_FOR_TARGET_15)",
					"$(LIBRARY_SEARCH_PATHS_QUOTED_FOR_TARGET_2)",
					"$(LIBRARY_SEARCH_PATHS_QUOTED_FOR_TARGET_3)",
					"$(LIBRARY_SEARCH_PATHS_QUOTED_FOR_TARGET_7)",
					"$(LIBRARY_SEARCH_PATHS_QUOTED_FOR_TARGET_8)",
					"$(LIBRARY_SEARCH_PATHS_QUOTED_FOR_TARGET_9)",
					"$(LIBRARY_SEARCH_PATHS_QUOTED_FOR_TARGET_10)",
					"$(LIBRARY_SEARCH_PATHS_QUOTED_FOR_TARGET_11)",
					"$(LIBRARY_SEARCH_PATHS_QUOTED_FOR_TARGET_12)",
					"$(LIBRARY_SEARCH_PATHS_QUOTED_FOR_TARGET_13)",
					"$(LIBRARY_SEARCH_PATHS_QUOTED_FOR_TARGET_16)",
					"$(LIBRARY_SEARCH_PATHS_QUOTED_FOR_TARGET_17)",
					"$(LIBRARY_SEARCH_PATHS_QUOTED_FOR_TARGET_18)",
					"$(LIBRARY_SEARCH_PATHS_QUOTED_FOR_TARGET_19)",
					"$(LIBRARY_SEARCH_PATHS_QUOTED_FOR_TARGET_20)",
					"$(LIBRARY_SEARCH_PATHS_QUOTED_FOR_TARGET_21)",
					"$(LIBRARY_SEARCH_PATHS_QUOTED_FOR_TARGET_22)",
					"$(LIBRARY_SEARCH_PATHS_QUOTED_FOR_TARGET_23)",
					"$(LIBRARY_SEARCH_PATHS_QUOTED_FOR_TARGET_24)",
					"$(LIBRARY_SEARCH_PATHS_QUOTED_FOR_TARGET_25)",
					"$(LIBRARY_SEARCH_PATHS_QUOTED_FOR_TARGET_26)",
					"$(LIBRARY_SEARCH_PATHS_QUOTED_FOR_TARGET_27)",
					"$(LIBRARY_SEARCH_PATHS_QUOTED_FOR_TARGET_28)",
					"$(LIBRARY_SEARCH_PATHS_QUOTED_FOR_TARGET_29)",
					"$(LIBRARY_SEARCH_PATHS_QUOTED_FOR_TARGET_30)",
					"$(LIBRARY_SEARCH_PATHS_QUOTED_FOR_TARGET_31)",
					"$(LIBRARY_SEARCH_PATHS_QUOTED_FOR_TARGET_32)",
					"$(LIBRARY_SEARCH_PATHS_QUOTED_FOR_TARGET_33)",
					"$(LIBRARY_SEARCH_PATHS_QUOTED_FOR_TARGET_34)",
					"$(LIBRARY_SEARCH_PATHS_QUOTED_FOR_TARGET_35)",
					"$(LIBRARY_SEARCH_PATHS_QUOTED_FOR_TARGET_36)",
					"$(LIBRARY_SEARCH_PATHS_QUOTED_FOR_TARGET_37)",
					"$(LIBRARY_SEARCH_PATHS_QUOTED_FOR_TARGET_38)",
					"$(LIBRARY_SEARCH_PATHS_QUOTED_FOR_TARGET_39)",
					"$(LIBRARY_SEARCH_PATHS_QUOTED_FOR_TARGET_40)",
					"$(LIBRARY_SEARCH_PATHS_QUOTED_FOR_TARGET_41)",
					"$(LIBRARY_SEARCH_PATHS_QUOTED_FOR_TARGET_42)",
					"$(LIBRARY_SEARCH_PATHS_QUOTED_FOR_TARGET_43)",
					"$(LIBRARY_SEARCH_PATHS_QUOTED_FOR_TARGET_44)",
					"$(LIBRARY_SEARCH_PATHS_QUOTED_FOR_TARGET_45)",
					"$(LIBRARY_SEARCH_PATHS_QUOTED_FOR_TARGET_46)",
					"$(LIBRARY_SEARCH_PATHS_QUOTED_FOR_TARGET_47)",
					"$(LIBRARY_SEARCH_PATHS_QUOTED_FOR_TARGET_48)",
					"$(LIBRARY_SEARCH_PATHS_QUOTED_FOR_TARGET_49)",
					"$(LIBRARY_SEARCH_PATHS_QUOTED_FOR_TARGET_50)",
					"$(LIBRARY_SEARCH_PATHS_QUOTED_FOR_TARGET_51)",
					"$(LIBRARY_SEARCH_PATHS_QUOTED_FOR_TARGET_52)",
					"$(LIBRARY_SEARCH_PATHS_QUOTED_FOR_TARGET_1)",
					"$(LIBRARY_SEARCH_PATHS_QUOTED_FOR_TARGET_2)",
					"$(LIBRARY_SEARCH_PATHS_QUOTED_FOR_TARGET_3)",
					"$(LIBRARY_SEARCH_PATHS_QUOTED_FOR_TARGET_4)",
					"$(LIBRARY_SEARCH_PATHS_QUOTED_FOR_TARGET_5)",
					"$(LIBRARY_SEARCH_PATHS_QUOTED_FOR_TARGET_6)",
					"$(LIBRARY_SEARCH_PATHS_QUOTED_FOR_TARGET_7)",
					"$(LIBRARY_SEARCH_PATHS_QUOTED_FOR_TARGET_8)",
					"$(LIBRARY_SEARCH_PATHS_QUOTED_FOR_TARGET_9)",
					"$(LIBRARY_SEARCH_PATHS_QUOTED_FOR_TARGET_10)",
					"$(LIBRARY_SEARCH_PATHS_QUOTED_FOR_TARGET_11)",
					"$(LIBRARY_SEARCH_PATHS_QUOTED_FOR_TARGET_12)",
				);
				LIBRARY_SEARCH_PATHS_QUOTED_FOR_TARGET_1 = "\"$(SRCROOT)/../../../addons/ofxOpenCv/libs/opencv/lib/android/armeabi\"";
				LIBRARY_SEARCH_PATHS_QUOTED_FOR_TARGET_10 = "\"$(SRCROOT)/bin/data/openni/lib\"";
				LIBRARY_SEARCH_PATHS_QUOTED_FOR_TARGET_11 = "\"$(SRCROOT)/bin/openni/lib\"";
				LIBRARY_SEARCH_PATHS_QUOTED_FOR_TARGET_12 = "\"$(SRCROOT)/../../../addons/ofxOpenNI-gameoverhack/mac/copy_to_data_openni_path/lib\"";
				LIBRARY_SEARCH_PATHS_QUOTED_FOR_TARGET_2 = "\"$(SRCROOT)/../../../addons/ofxOpenCv/libs/opencv/lib/android/armeabi-v7a\"";
				LIBRARY_SEARCH_PATHS_QUOTED_FOR_TARGET_3 = "\"$(SRCROOT)/../../../addons/ofxOpenCv/libs/opencv/lib/iphone\"";
				LIBRARY_SEARCH_PATHS_QUOTED_FOR_TARGET_4 = "\"$(SRCROOT)/../../../addons/ofxOpenCv/libs/opencv/lib/linux\"";
				LIBRARY_SEARCH_PATHS_QUOTED_FOR_TARGET_5 = "\"$(SRCROOT)/../../../addons/ofxOpenCv/libs/opencv/lib/linux64\"";
				LIBRARY_SEARCH_PATHS_QUOTED_FOR_TARGET_6 = "\"$(SRCROOT)/../../../addons/ofxOpenCv/libs/opencv/lib/osx\"";
				LIBRARY_SEARCH_PATHS_QUOTED_FOR_TARGET_7 = "\"$(SRCROOT)/../../../addons/ofxOpenCv/libs/opencv/lib/vs2010\"";
				LIBRARY_SEARCH_PATHS_QUOTED_FOR_TARGET_8 = "\"$(SRCROOT)/../../../addons/ofxOpenCv/libs/opencv/lib/win_cb\"";
				LIBRARY_SEARCH_PATHS_QUOTED_FOR_TARGET_9 = "\"$(SRCROOT)/bin/data/openni/lib\"";
				PREBINDING = NO;
				PRODUCT_NAME = "$(TARGET_NAME)Debug";
				WRAPPER_EXTENSION = app;
			};
			name = Debug;
		};
		E4B69B610A3A1757003C02F2 /* Release */ = {
			isa = XCBuildConfiguration;
			buildSettings = {
				COPY_PHASE_STRIP = YES;
				FRAMEWORK_SEARCH_PATHS = (
					"$(inherited)",
					"$(FRAMEWORK_SEARCH_PATHS_QUOTED_FOR_TARGET_1)",
				);
				FRAMEWORK_SEARCH_PATHS_QUOTED_FOR_TARGET_1 = "\"$(SRCROOT)/../../../libs/glut/lib/osx\"";
				GCC_ENABLE_FIX_AND_CONTINUE = NO;
				GCC_GENERATE_DEBUGGING_SYMBOLS = NO;
				GCC_MODEL_TUNING = G4;
				GCC_PRECOMPILE_PREFIX_HEADER = YES;
				GCC_PREFIX_HEADER = "$(SYSTEM_LIBRARY_DIR)/Frameworks/Carbon.framework/Headers/Carbon.h";
				INFOPLIST_FILE = "openFrameworks-Info.plist";
				INSTALL_PATH = "$(HOME)/Applications";
				LIBRARY_SEARCH_PATHS = (
					"$(inherited)",
					"$(LIBRARY_SEARCH_PATHS_QUOTED_FOR_TARGET_1)",
					"$(LIBRARY_SEARCH_PATHS_QUOTED_FOR_TARGET_2)",
					"$(LIBRARY_SEARCH_PATHS_QUOTED_FOR_TARGET_3)",
					"$(LIBRARY_SEARCH_PATHS_QUOTED_FOR_TARGET_4)",
					"$(LIBRARY_SEARCH_PATHS_QUOTED_FOR_TARGET_5)",
					"$(LIBRARY_SEARCH_PATHS_QUOTED_FOR_TARGET_6)",
					"$(LIBRARY_SEARCH_PATHS_QUOTED_FOR_TARGET_7)",
					"$(LIBRARY_SEARCH_PATHS_QUOTED_FOR_TARGET_8)",
					"$(LIBRARY_SEARCH_PATHS_QUOTED_FOR_TARGET_9)",
					"$(LIBRARY_SEARCH_PATHS_QUOTED_FOR_TARGET_10)",
					"$(LIBRARY_SEARCH_PATHS_QUOTED_FOR_TARGET_11)",
					"$(LIBRARY_SEARCH_PATHS_QUOTED_FOR_TARGET_12)",
					"$(LIBRARY_SEARCH_PATHS_QUOTED_FOR_TARGET_13)",
					"$(LIBRARY_SEARCH_PATHS_QUOTED_FOR_TARGET_14)",
					"$(LIBRARY_SEARCH_PATHS_QUOTED_FOR_TARGET_15)",
					"$(LIBRARY_SEARCH_PATHS_QUOTED_FOR_TARGET_2)",
					"$(LIBRARY_SEARCH_PATHS_QUOTED_1)",
					"$(LIBRARY_SEARCH_PATHS_QUOTED_FOR_TARGET_3)",
					"$(LIBRARY_SEARCH_PATHS_QUOTED_FOR_TARGET_7)",
					"$(LIBRARY_SEARCH_PATHS_QUOTED_FOR_TARGET_8)",
					"$(LIBRARY_SEARCH_PATHS_QUOTED_FOR_TARGET_9)",
					"$(LIBRARY_SEARCH_PATHS_QUOTED_FOR_TARGET_10)",
					"$(LIBRARY_SEARCH_PATHS_QUOTED_FOR_TARGET_11)",
					"$(LIBRARY_SEARCH_PATHS_QUOTED_FOR_TARGET_12)",
					"$(LIBRARY_SEARCH_PATHS_QUOTED_FOR_TARGET_13)",
					"$(LIBRARY_SEARCH_PATHS_QUOTED_FOR_TARGET_16)",
					"$(LIBRARY_SEARCH_PATHS_QUOTED_FOR_TARGET_17)",
					"$(LIBRARY_SEARCH_PATHS_QUOTED_FOR_TARGET_18)",
					"$(LIBRARY_SEARCH_PATHS_QUOTED_FOR_TARGET_19)",
					"$(LIBRARY_SEARCH_PATHS_QUOTED_FOR_TARGET_20)",
					"$(LIBRARY_SEARCH_PATHS_QUOTED_FOR_TARGET_21)",
					"$(LIBRARY_SEARCH_PATHS_QUOTED_FOR_TARGET_22)",
					"$(LIBRARY_SEARCH_PATHS_QUOTED_FOR_TARGET_23)",
					"$(LIBRARY_SEARCH_PATHS_QUOTED_FOR_TARGET_24)",
					"$(LIBRARY_SEARCH_PATHS_QUOTED_FOR_TARGET_25)",
					"$(LIBRARY_SEARCH_PATHS_QUOTED_FOR_TARGET_26)",
					"$(LIBRARY_SEARCH_PATHS_QUOTED_FOR_TARGET_27)",
					"$(LIBRARY_SEARCH_PATHS_QUOTED_FOR_TARGET_28)",
					"$(LIBRARY_SEARCH_PATHS_QUOTED_FOR_TARGET_29)",
					"$(LIBRARY_SEARCH_PATHS_QUOTED_FOR_TARGET_30)",
					"$(LIBRARY_SEARCH_PATHS_QUOTED_FOR_TARGET_31)",
					"$(LIBRARY_SEARCH_PATHS_QUOTED_FOR_TARGET_32)",
					"$(LIBRARY_SEARCH_PATHS_QUOTED_FOR_TARGET_33)",
					"$(LIBRARY_SEARCH_PATHS_QUOTED_FOR_TARGET_34)",
					"$(LIBRARY_SEARCH_PATHS_QUOTED_FOR_TARGET_35)",
					"$(LIBRARY_SEARCH_PATHS_QUOTED_FOR_TARGET_36)",
					"$(LIBRARY_SEARCH_PATHS_QUOTED_FOR_TARGET_37)",
					"$(LIBRARY_SEARCH_PATHS_QUOTED_FOR_TARGET_38)",
					"$(LIBRARY_SEARCH_PATHS_QUOTED_FOR_TARGET_39)",
					"$(LIBRARY_SEARCH_PATHS_QUOTED_FOR_TARGET_40)",
					"$(LIBRARY_SEARCH_PATHS_QUOTED_FOR_TARGET_41)",
					"$(LIBRARY_SEARCH_PATHS_QUOTED_FOR_TARGET_42)",
					"$(LIBRARY_SEARCH_PATHS_QUOTED_FOR_TARGET_43)",
					"$(LIBRARY_SEARCH_PATHS_QUOTED_FOR_TARGET_44)",
					"$(LIBRARY_SEARCH_PATHS_QUOTED_FOR_TARGET_45)",
					"$(LIBRARY_SEARCH_PATHS_QUOTED_FOR_TARGET_46)",
					"$(LIBRARY_SEARCH_PATHS_QUOTED_FOR_TARGET_47)",
					"$(LIBRARY_SEARCH_PATHS_QUOTED_FOR_TARGET_48)",
					"$(LIBRARY_SEARCH_PATHS_QUOTED_FOR_TARGET_49)",
					"$(LIBRARY_SEARCH_PATHS_QUOTED_FOR_TARGET_50)",
					"$(LIBRARY_SEARCH_PATHS_QUOTED_FOR_TARGET_51)",
					"$(LIBRARY_SEARCH_PATHS_QUOTED_FOR_TARGET_1)",
					"$(LIBRARY_SEARCH_PATHS_QUOTED_FOR_TARGET_2)",
					"$(LIBRARY_SEARCH_PATHS_QUOTED_FOR_TARGET_3)",
					"$(LIBRARY_SEARCH_PATHS_QUOTED_FOR_TARGET_4)",
					"$(LIBRARY_SEARCH_PATHS_QUOTED_FOR_TARGET_5)",
					"$(LIBRARY_SEARCH_PATHS_QUOTED_FOR_TARGET_6)",
					"$(LIBRARY_SEARCH_PATHS_QUOTED_FOR_TARGET_7)",
					"$(LIBRARY_SEARCH_PATHS_QUOTED_FOR_TARGET_8)",
					"$(LIBRARY_SEARCH_PATHS_QUOTED_1)",
					"$(LIBRARY_SEARCH_PATHS_QUOTED_2)",
					"$(LIBRARY_SEARCH_PATHS_QUOTED_3)",
					"$(LIBRARY_SEARCH_PATHS_QUOTED_4)",
				);
				LIBRARY_SEARCH_PATHS_QUOTED_1 = "\"$(SRCROOT)/bin/data/openni/lib\"";
				LIBRARY_SEARCH_PATHS_QUOTED_2 = "\"$(SRCROOT)/bin/data/openni/lib\"";
				LIBRARY_SEARCH_PATHS_QUOTED_3 = "\"$(SRCROOT)/bin/openni/lib\"";
				LIBRARY_SEARCH_PATHS_QUOTED_4 = "\"$(SRCROOT)/../../../addons/ofxOpenNI-gameoverhack/mac/copy_to_data_openni_path/lib\"";
				LIBRARY_SEARCH_PATHS_QUOTED_FOR_TARGET_1 = "\"$(SRCROOT)/../../../addons/ofxOpenCv/libs/opencv/lib/android/armeabi\"";
				LIBRARY_SEARCH_PATHS_QUOTED_FOR_TARGET_2 = "\"$(SRCROOT)/../../../addons/ofxOpenCv/libs/opencv/lib/android/armeabi-v7a\"";
				LIBRARY_SEARCH_PATHS_QUOTED_FOR_TARGET_3 = "\"$(SRCROOT)/../../../addons/ofxOpenCv/libs/opencv/lib/iphone\"";
				LIBRARY_SEARCH_PATHS_QUOTED_FOR_TARGET_4 = "\"$(SRCROOT)/../../../addons/ofxOpenCv/libs/opencv/lib/linux\"";
				LIBRARY_SEARCH_PATHS_QUOTED_FOR_TARGET_5 = "\"$(SRCROOT)/../../../addons/ofxOpenCv/libs/opencv/lib/linux64\"";
				LIBRARY_SEARCH_PATHS_QUOTED_FOR_TARGET_6 = "\"$(SRCROOT)/../../../addons/ofxOpenCv/libs/opencv/lib/osx\"";
				LIBRARY_SEARCH_PATHS_QUOTED_FOR_TARGET_7 = "\"$(SRCROOT)/../../../addons/ofxOpenCv/libs/opencv/lib/vs2010\"";
				LIBRARY_SEARCH_PATHS_QUOTED_FOR_TARGET_8 = "\"$(SRCROOT)/../../../addons/ofxOpenCv/libs/opencv/lib/win_cb\"";
				PREBINDING = NO;
				PRODUCT_NAME = "$(TARGET_NAME)";
				WRAPPER_EXTENSION = app;
			};
			name = Release;
		};
/* End XCBuildConfiguration section */

/* Begin XCConfigurationList section */
		E4B69B4D0A3A1720003C02F2 /* Build configuration list for PBXProject "AutoSkeletonExample" */ = {
			isa = XCConfigurationList;
			buildConfigurations = (
				E4B69B4E0A3A1720003C02F2 /* Debug */,
				E4B69B4F0A3A1720003C02F2 /* Release */,
			);
			defaultConfigurationIsVisible = 0;
			defaultConfigurationName = Release;
		};
		E4B69B5F0A3A1757003C02F2 /* Build configuration list for PBXNativeTarget "openNISample007" */ = {
			isa = XCConfigurationList;
			buildConfigurations = (
				E4B69B600A3A1757003C02F2 /* Debug */,
				E4B69B610A3A1757003C02F2 /* Release */,
			);
			defaultConfigurationIsVisible = 0;
			defaultConfigurationName = Release;
		};
/* End XCConfigurationList section */
	};
	rootObject = E4B69B4C0A3A1720003C02F2 /* Project object */;
}
